// !$*UTF8*$!
{
	archiveVersion = 1;
	classes = {
	};
	objectVersion = 55;
	objects = {

/* Begin PBXBuildFile section */
		073144253C8A35C019117E03 /* SettingsViewController.swift in Sources */ = {isa = PBXBuildFile; fileRef = 32D25C68267DC9D7EA559A84 /* SettingsViewController.swift */; };
		082E346840AE1890DF1264C5 /* CitiesPresenter.swift in Sources */ = {isa = PBXBuildFile; fileRef = 5AAEC0DB1CCCE5B7C2CA414A /* CitiesPresenter.swift */; };
		147F1D4B44C8CF57BBE88646 /* SearchPresenter.swift in Sources */ = {isa = PBXBuildFile; fileRef = BCD09201B692BD1698766F9E /* SearchPresenter.swift */; };
		1522ECBFB9D850B0D55A6ADA /* Pods_Meteow.framework in Frameworks */ = {isa = PBXBuildFile; fileRef = EB07E3A0568D9067C15C5237 /* Pods_Meteow.framework */; };
		261E4A8C2781AE8400E8740A /* RestWeatherData.swift in Sources */ = {isa = PBXBuildFile; fileRef = 261E4A8B2781AE8400E8740A /* RestWeatherData.swift */; };
		261E4A8E2781C00E00E8740A /* RestWeatherDataMapper.swift in Sources */ = {isa = PBXBuildFile; fileRef = 261E4A8D2781C00E00E8740A /* RestWeatherDataMapper.swift */; };
		261E4A902781C43C00E8740A /* Number+Strings.swift in Sources */ = {isa = PBXBuildFile; fileRef = 261E4A8F2781C43C00E8740A /* Number+Strings.swift */; };
		261E4A932781C94E00E8740A /* CityDataSource.swift in Sources */ = {isa = PBXBuildFile; fileRef = 261E4A922781C94E00E8740A /* CityDataSource.swift */; };
		261E4A952781CB2200E8740A /* CityHeaderView.swift in Sources */ = {isa = PBXBuildFile; fileRef = 261E4A942781CB2200E8740A /* CityHeaderView.swift */; };
		261E4A972781CC4000E8740A /* CityHeaderViewModel.swift in Sources */ = {isa = PBXBuildFile; fileRef = 261E4A962781CC4000E8740A /* CityHeaderViewModel.swift */; };
		261E4A9A2781CCA900E8740A /* CityHeaderView.xib in Resources */ = {isa = PBXBuildFile; fileRef = 261E4A992781CCA900E8740A /* CityHeaderView.xib */; };
		261E4A9E2781DB4200E8740A /* UIFont+Meteow.swift in Sources */ = {isa = PBXBuildFile; fileRef = 261E4A9D2781DB4200E8740A /* UIFont+Meteow.swift */; };
		261E4AA02781DE0300E8740A /* UIScrollView+Utils.swift in Sources */ = {isa = PBXBuildFile; fileRef = 261E4A9F2781DE0300E8740A /* UIScrollView+Utils.swift */; };
		261E4AA22781E1B900E8740A /* UIColor+Meteow.swift in Sources */ = {isa = PBXBuildFile; fileRef = 261E4AA12781E1B800E8740A /* UIColor+Meteow.swift */; };
		269FBC1A277DA44A0024E3C1 /* AppDelegate.swift in Sources */ = {isa = PBXBuildFile; fileRef = 269FBC19277DA44A0024E3C1 /* AppDelegate.swift */; };
		269FBC23277DA44C0024E3C1 /* Assets.xcassets in Resources */ = {isa = PBXBuildFile; fileRef = 269FBC22277DA44C0024E3C1 /* Assets.xcassets */; };
		269FBC26277DA44C0024E3C1 /* LaunchScreen.storyboard in Resources */ = {isa = PBXBuildFile; fileRef = 269FBC24277DA44C0024E3C1 /* LaunchScreen.storyboard */; };
		269FBC55277DB5B10024E3C1 /* UIImage+Utils.swift in Sources */ = {isa = PBXBuildFile; fileRef = 269FBC54277DB5B10024E3C1 /* UIImage+Utils.swift */; };
		269FBC57277DB7060024E3C1 /* Localizable.strings in Resources */ = {isa = PBXBuildFile; fileRef = 269FBC56277DB7050024E3C1 /* Localizable.strings */; };
		26C0E733277DB98E00EC78DE /* SearchViewController.xib in Resources */ = {isa = PBXBuildFile; fileRef = 26C0E732277DB98E00EC78DE /* SearchViewController.xib */; };
		26C0E735277DBA9C00EC78DE /* SearchTableViewCell.swift in Sources */ = {isa = PBXBuildFile; fileRef = 26C0E734277DBA9C00EC78DE /* SearchTableViewCell.swift */; };
		26C0E739277DBAD900EC78DE /* SearchDataSource.swift in Sources */ = {isa = PBXBuildFile; fileRef = 26C0E738277DBAD900EC78DE /* SearchDataSource.swift */; };
		26C0E73B277DBC4C00EC78DE /* SearchViewModel.swift in Sources */ = {isa = PBXBuildFile; fileRef = 26C0E73A277DBC4C00EC78DE /* SearchViewModel.swift */; };
		26C0E73D277DBC9600EC78DE /* SearchViewModelMapper.swift in Sources */ = {isa = PBXBuildFile; fileRef = 26C0E73C277DBC9600EC78DE /* SearchViewModelMapper.swift */; };
		26C0E742277DC5B900EC78DE /* SearchRepository.swift in Sources */ = {isa = PBXBuildFile; fileRef = 26C0E741277DC5B900EC78DE /* SearchRepository.swift */; };
		26C0E746277DC62B00EC78DE /* SearchResultsData.swift in Sources */ = {isa = PBXBuildFile; fileRef = 26C0E745277DC62B00EC78DE /* SearchResultsData.swift */; };
		26C0E749277DC6E900EC78DE /* SearchRepositoryImplementation.swift in Sources */ = {isa = PBXBuildFile; fileRef = 26C0E748277DC6E900EC78DE /* SearchRepositoryImplementation.swift */; };
		26C0E74E277DF89200EC78DE /* TargetSettings.swift in Sources */ = {isa = PBXBuildFile; fileRef = 26C0E74D277DF89100EC78DE /* TargetSettings.swift */; };
		26C0E756277E0DAF00EC78DE /* AlertViewModel.swift in Sources */ = {isa = PBXBuildFile; fileRef = 26C0E755277E0DAE00EC78DE /* AlertViewModel.swift */; };
		26C0E758277E0F1000EC78DE /* Alertable.swift in Sources */ = {isa = PBXBuildFile; fileRef = 26C0E757277E0F1000EC78DE /* Alertable.swift */; };
		26C0E75C277E179900EC78DE /* CitiesRepository.swift in Sources */ = {isa = PBXBuildFile; fileRef = 26C0E75B277E179900EC78DE /* CitiesRepository.swift */; };
		26C0E75F277E17D600EC78DE /* City.swift in Sources */ = {isa = PBXBuildFile; fileRef = 26C0E75E277E17D600EC78DE /* City.swift */; };
		26C0E762277E180300EC78DE /* CitiesRepositoryImplementation.swift in Sources */ = {isa = PBXBuildFile; fileRef = 26C0E761277E180300EC78DE /* CitiesRepositoryImplementation.swift */; };
		26C0E765277E4C5100EC78DE /* CitiesViewModel.swift in Sources */ = {isa = PBXBuildFile; fileRef = 26C0E764277E4C5100EC78DE /* CitiesViewModel.swift */; };
		26C0E767277E4F1800EC78DE /* CitiesViewModelMapper.swift in Sources */ = {isa = PBXBuildFile; fileRef = 26C0E766277E4F1800EC78DE /* CitiesViewModelMapper.swift */; };
		26FFE7B027819E3900836625 /* WeatherRepository.swift in Sources */ = {isa = PBXBuildFile; fileRef = 26FFE7AF27819E3900836625 /* WeatherRepository.swift */; };
		26FFE7B327819E4E00836625 /* WeatherRepositoryImplementation.swift in Sources */ = {isa = PBXBuildFile; fileRef = 26FFE7B227819E4E00836625 /* WeatherRepositoryImplementation.swift */; };
		26FFE7B627819E7200836625 /* WeatherData.swift in Sources */ = {isa = PBXBuildFile; fileRef = 26FFE7B527819E7200836625 /* WeatherData.swift */; };
		26FFE7B82781A2D200836625 /* CityViewModel.swift in Sources */ = {isa = PBXBuildFile; fileRef = 26FFE7B72781A2D200836625 /* CityViewModel.swift */; };
		26FFE7BB2781A2E000836625 /* CityViewModelMapper.swift in Sources */ = {isa = PBXBuildFile; fileRef = 26FFE7BA2781A2E000836625 /* CityViewModelMapper.swift */; };
		29F715ACEB0E4EF18BF6EF80 /* CityViewController.swift in Sources */ = {isa = PBXBuildFile; fileRef = 5F318EED504FB10DBC465551 /* CityViewController.swift */; };
		32DEC465DF9A74917F7DBF15 /* SearchViewContract.swift in Sources */ = {isa = PBXBuildFile; fileRef = E449C89F500CA7A1D08CBAAF /* SearchViewContract.swift */; };
		4C2F91319C8869C64B10224C /* CityPresenterImplementation.swift in Sources */ = {isa = PBXBuildFile; fileRef = 276BA575B3BAC05FBB2B1DC4 /* CityPresenterImplementation.swift */; };
		4D34803EF15F95BA9797795D /* SettingsViewContract.swift in Sources */ = {isa = PBXBuildFile; fileRef = 7545AE69881FFD4F2206231F /* SettingsViewContract.swift */; };
		6A843CB26B619A76818C0A82 /* SearchViewController.swift in Sources */ = {isa = PBXBuildFile; fileRef = 9B834CC5C593D9A7F0CDAB04 /* SearchViewController.swift */; };
		A20C0BEE931C534418A29808 /* CityPresenter.swift in Sources */ = {isa = PBXBuildFile; fileRef = 095F40CC757EF5AC0B8B3F55 /* CityPresenter.swift */; };
		AAA16D92C03B99BB7B8EF8BD /* SearchPresenterImplementation.swift in Sources */ = {isa = PBXBuildFile; fileRef = B6416679033941AABCCD46A0 /* SearchPresenterImplementation.swift */; };
		B7B2B8E0305D206B9A833391 /* SettingsPresenter.swift in Sources */ = {isa = PBXBuildFile; fileRef = 0086A620FD06F180E4FABAE2 /* SettingsPresenter.swift */; };
		CD19EE63940DF97314B08FA4 /* SettingsPresenterImplementation.swift in Sources */ = {isa = PBXBuildFile; fileRef = 31E7E96DEA9A07E7B3251E05 /* SettingsPresenterImplementation.swift */; };
		E066B6A370529C0D8138AD42 /* CitiesPresenterImplementation.swift in Sources */ = {isa = PBXBuildFile; fileRef = 2557308E9B8E28D233AD9EC4 /* CitiesPresenterImplementation.swift */; };
		EA0E42ADF2C958E3CB47ACF1 /* CitiesViewContract.swift in Sources */ = {isa = PBXBuildFile; fileRef = 3D8E23D24C2FA5EC1E6A3DD9 /* CitiesViewContract.swift */; };
		FB10D3DAF02C565DA9F80F26 /* CitiesViewController.swift in Sources */ = {isa = PBXBuildFile; fileRef = 0CC3071484608F16FC63A2A5 /* CitiesViewController.swift */; };
		FC2D0610FAFA09D0FA46483E /* CityViewContract.swift in Sources */ = {isa = PBXBuildFile; fileRef = 2C929E551A5208A091972A12 /* CityViewContract.swift */; };
/* End PBXBuildFile section */

/* Begin PBXFileReference section */
		0086A620FD06F180E4FABAE2 /* SettingsPresenter.swift */ = {isa = PBXFileReference; includeInIndex = 1; lastKnownFileType = sourcecode.swift; path = SettingsPresenter.swift; sourceTree = "<group>"; };
		095F40CC757EF5AC0B8B3F55 /* CityPresenter.swift */ = {isa = PBXFileReference; includeInIndex = 1; lastKnownFileType = sourcecode.swift; path = CityPresenter.swift; sourceTree = "<group>"; };
		0CC3071484608F16FC63A2A5 /* CitiesViewController.swift */ = {isa = PBXFileReference; includeInIndex = 1; lastKnownFileType = sourcecode.swift; path = CitiesViewController.swift; sourceTree = "<group>"; };
		2557308E9B8E28D233AD9EC4 /* CitiesPresenterImplementation.swift */ = {isa = PBXFileReference; includeInIndex = 1; lastKnownFileType = sourcecode.swift; path = CitiesPresenterImplementation.swift; sourceTree = "<group>"; };
		261E4A8B2781AE8400E8740A /* RestWeatherData.swift */ = {isa = PBXFileReference; lastKnownFileType = sourcecode.swift; path = RestWeatherData.swift; sourceTree = "<group>"; };
		261E4A8D2781C00E00E8740A /* RestWeatherDataMapper.swift */ = {isa = PBXFileReference; lastKnownFileType = sourcecode.swift; path = RestWeatherDataMapper.swift; sourceTree = "<group>"; };
		261E4A8F2781C43C00E8740A /* Number+Strings.swift */ = {isa = PBXFileReference; lastKnownFileType = sourcecode.swift; path = "Number+Strings.swift"; sourceTree = "<group>"; };
		261E4A922781C94E00E8740A /* CityDataSource.swift */ = {isa = PBXFileReference; lastKnownFileType = sourcecode.swift; path = CityDataSource.swift; sourceTree = "<group>"; };
		261E4A942781CB2200E8740A /* CityHeaderView.swift */ = {isa = PBXFileReference; lastKnownFileType = sourcecode.swift; path = CityHeaderView.swift; sourceTree = "<group>"; };
		261E4A962781CC4000E8740A /* CityHeaderViewModel.swift */ = {isa = PBXFileReference; lastKnownFileType = sourcecode.swift; path = CityHeaderViewModel.swift; sourceTree = "<group>"; };
		261E4A992781CCA900E8740A /* CityHeaderView.xib */ = {isa = PBXFileReference; lastKnownFileType = file.xib; path = CityHeaderView.xib; sourceTree = "<group>"; };
		261E4A9D2781DB4200E8740A /* UIFont+Meteow.swift */ = {isa = PBXFileReference; lastKnownFileType = sourcecode.swift; path = "UIFont+Meteow.swift"; sourceTree = "<group>"; };
		261E4A9F2781DE0300E8740A /* UIScrollView+Utils.swift */ = {isa = PBXFileReference; lastKnownFileType = sourcecode.swift; path = "UIScrollView+Utils.swift"; sourceTree = "<group>"; };
		261E4AA12781E1B800E8740A /* UIColor+Meteow.swift */ = {isa = PBXFileReference; lastKnownFileType = sourcecode.swift; path = "UIColor+Meteow.swift"; sourceTree = "<group>"; };
		269FBC16277DA44A0024E3C1 /* Meteow.app */ = {isa = PBXFileReference; explicitFileType = wrapper.application; includeInIndex = 0; path = Meteow.app; sourceTree = BUILT_PRODUCTS_DIR; };
		269FBC19277DA44A0024E3C1 /* AppDelegate.swift */ = {isa = PBXFileReference; lastKnownFileType = sourcecode.swift; path = AppDelegate.swift; sourceTree = "<group>"; };
		269FBC22277DA44C0024E3C1 /* Assets.xcassets */ = {isa = PBXFileReference; lastKnownFileType = folder.assetcatalog; path = Assets.xcassets; sourceTree = "<group>"; };
		269FBC25277DA44C0024E3C1 /* Base */ = {isa = PBXFileReference; lastKnownFileType = file.storyboard; name = Base; path = Base.lproj/LaunchScreen.storyboard; sourceTree = "<group>"; };
		269FBC27277DA44C0024E3C1 /* Info.plist */ = {isa = PBXFileReference; lastKnownFileType = text.plist.xml; path = Info.plist; sourceTree = "<group>"; };
		269FBC54277DB5B10024E3C1 /* UIImage+Utils.swift */ = {isa = PBXFileReference; lastKnownFileType = sourcecode.swift; path = "UIImage+Utils.swift"; sourceTree = "<group>"; };
		269FBC56277DB7050024E3C1 /* Localizable.strings */ = {isa = PBXFileReference; lastKnownFileType = text.plist.strings; path = Localizable.strings; sourceTree = "<group>"; };
		26C0E732277DB98E00EC78DE /* SearchViewController.xib */ = {isa = PBXFileReference; lastKnownFileType = file.xib; path = SearchViewController.xib; sourceTree = "<group>"; };
		26C0E734277DBA9C00EC78DE /* SearchTableViewCell.swift */ = {isa = PBXFileReference; lastKnownFileType = sourcecode.swift; path = SearchTableViewCell.swift; sourceTree = "<group>"; };
		26C0E738277DBAD900EC78DE /* SearchDataSource.swift */ = {isa = PBXFileReference; lastKnownFileType = sourcecode.swift; path = SearchDataSource.swift; sourceTree = "<group>"; };
		26C0E73A277DBC4C00EC78DE /* SearchViewModel.swift */ = {isa = PBXFileReference; lastKnownFileType = sourcecode.swift; path = SearchViewModel.swift; sourceTree = "<group>"; };
		26C0E73C277DBC9600EC78DE /* SearchViewModelMapper.swift */ = {isa = PBXFileReference; lastKnownFileType = sourcecode.swift; path = SearchViewModelMapper.swift; sourceTree = "<group>"; };
		26C0E741277DC5B900EC78DE /* SearchRepository.swift */ = {isa = PBXFileReference; lastKnownFileType = sourcecode.swift; path = SearchRepository.swift; sourceTree = "<group>"; };
		26C0E745277DC62B00EC78DE /* SearchResultsData.swift */ = {isa = PBXFileReference; lastKnownFileType = sourcecode.swift; path = SearchResultsData.swift; sourceTree = "<group>"; };
		26C0E748277DC6E900EC78DE /* SearchRepositoryImplementation.swift */ = {isa = PBXFileReference; lastKnownFileType = sourcecode.swift; path = SearchRepositoryImplementation.swift; sourceTree = "<group>"; };
		26C0E74D277DF89100EC78DE /* TargetSettings.swift */ = {isa = PBXFileReference; lastKnownFileType = sourcecode.swift; path = TargetSettings.swift; sourceTree = "<group>"; };
		26C0E755277E0DAE00EC78DE /* AlertViewModel.swift */ = {isa = PBXFileReference; lastKnownFileType = sourcecode.swift; path = AlertViewModel.swift; sourceTree = "<group>"; };
		26C0E757277E0F1000EC78DE /* Alertable.swift */ = {isa = PBXFileReference; lastKnownFileType = sourcecode.swift; path = Alertable.swift; sourceTree = "<group>"; };
		26C0E75B277E179900EC78DE /* CitiesRepository.swift */ = {isa = PBXFileReference; lastKnownFileType = sourcecode.swift; path = CitiesRepository.swift; sourceTree = "<group>"; };
		26C0E75E277E17D600EC78DE /* City.swift */ = {isa = PBXFileReference; lastKnownFileType = sourcecode.swift; path = City.swift; sourceTree = "<group>"; };
		26C0E761277E180300EC78DE /* CitiesRepositoryImplementation.swift */ = {isa = PBXFileReference; lastKnownFileType = sourcecode.swift; path = CitiesRepositoryImplementation.swift; sourceTree = "<group>"; };
		26C0E764277E4C5100EC78DE /* CitiesViewModel.swift */ = {isa = PBXFileReference; lastKnownFileType = sourcecode.swift; path = CitiesViewModel.swift; sourceTree = "<group>"; };
		26C0E766277E4F1800EC78DE /* CitiesViewModelMapper.swift */ = {isa = PBXFileReference; lastKnownFileType = sourcecode.swift; path = CitiesViewModelMapper.swift; sourceTree = "<group>"; };
		26FFE7AF27819E3900836625 /* WeatherRepository.swift */ = {isa = PBXFileReference; lastKnownFileType = sourcecode.swift; path = WeatherRepository.swift; sourceTree = "<group>"; };
		26FFE7B227819E4E00836625 /* WeatherRepositoryImplementation.swift */ = {isa = PBXFileReference; lastKnownFileType = sourcecode.swift; path = WeatherRepositoryImplementation.swift; sourceTree = "<group>"; };
		26FFE7B527819E7200836625 /* WeatherData.swift */ = {isa = PBXFileReference; lastKnownFileType = sourcecode.swift; path = WeatherData.swift; sourceTree = "<group>"; };
		26FFE7B72781A2D200836625 /* CityViewModel.swift */ = {isa = PBXFileReference; lastKnownFileType = sourcecode.swift; path = CityViewModel.swift; sourceTree = "<group>"; };
		26FFE7BA2781A2E000836625 /* CityViewModelMapper.swift */ = {isa = PBXFileReference; lastKnownFileType = sourcecode.swift; path = CityViewModelMapper.swift; sourceTree = "<group>"; };
		276BA575B3BAC05FBB2B1DC4 /* CityPresenterImplementation.swift */ = {isa = PBXFileReference; includeInIndex = 1; lastKnownFileType = sourcecode.swift; path = CityPresenterImplementation.swift; sourceTree = "<group>"; };
		2C929E551A5208A091972A12 /* CityViewContract.swift */ = {isa = PBXFileReference; includeInIndex = 1; lastKnownFileType = sourcecode.swift; path = CityViewContract.swift; sourceTree = "<group>"; };
		31E7E96DEA9A07E7B3251E05 /* SettingsPresenterImplementation.swift */ = {isa = PBXFileReference; includeInIndex = 1; lastKnownFileType = sourcecode.swift; path = SettingsPresenterImplementation.swift; sourceTree = "<group>"; };
		32D25C68267DC9D7EA559A84 /* SettingsViewController.swift */ = {isa = PBXFileReference; includeInIndex = 1; lastKnownFileType = sourcecode.swift; path = SettingsViewController.swift; sourceTree = "<group>"; };
		3D8E23D24C2FA5EC1E6A3DD9 /* CitiesViewContract.swift */ = {isa = PBXFileReference; includeInIndex = 1; lastKnownFileType = sourcecode.swift; path = CitiesViewContract.swift; sourceTree = "<group>"; };
		5AAEC0DB1CCCE5B7C2CA414A /* CitiesPresenter.swift */ = {isa = PBXFileReference; includeInIndex = 1; lastKnownFileType = sourcecode.swift; path = CitiesPresenter.swift; sourceTree = "<group>"; };
		5F318EED504FB10DBC465551 /* CityViewController.swift */ = {isa = PBXFileReference; includeInIndex = 1; lastKnownFileType = sourcecode.swift; path = CityViewController.swift; sourceTree = "<group>"; };
		7545AE69881FFD4F2206231F /* SettingsViewContract.swift */ = {isa = PBXFileReference; includeInIndex = 1; lastKnownFileType = sourcecode.swift; path = SettingsViewContract.swift; sourceTree = "<group>"; };
		8B12028EF0E5468969185A7A /* Pods-Meteow.release.xcconfig */ = {isa = PBXFileReference; includeInIndex = 1; lastKnownFileType = text.xcconfig; name = "Pods-Meteow.release.xcconfig"; path = "Target Support Files/Pods-Meteow/Pods-Meteow.release.xcconfig"; sourceTree = "<group>"; };
		9B834CC5C593D9A7F0CDAB04 /* SearchViewController.swift */ = {isa = PBXFileReference; includeInIndex = 1; lastKnownFileType = sourcecode.swift; path = SearchViewController.swift; sourceTree = "<group>"; };
		B6416679033941AABCCD46A0 /* SearchPresenterImplementation.swift */ = {isa = PBXFileReference; includeInIndex = 1; lastKnownFileType = sourcecode.swift; path = SearchPresenterImplementation.swift; sourceTree = "<group>"; };
		BCD09201B692BD1698766F9E /* SearchPresenter.swift */ = {isa = PBXFileReference; includeInIndex = 1; lastKnownFileType = sourcecode.swift; path = SearchPresenter.swift; sourceTree = "<group>"; };
		E449C89F500CA7A1D08CBAAF /* SearchViewContract.swift */ = {isa = PBXFileReference; includeInIndex = 1; lastKnownFileType = sourcecode.swift; path = SearchViewContract.swift; sourceTree = "<group>"; };
		EB07E3A0568D9067C15C5237 /* Pods_Meteow.framework */ = {isa = PBXFileReference; explicitFileType = wrapper.framework; includeInIndex = 0; path = Pods_Meteow.framework; sourceTree = BUILT_PRODUCTS_DIR; };
		FA474271B1F12D9A129994AE /* Pods-Meteow.debug.xcconfig */ = {isa = PBXFileReference; includeInIndex = 1; lastKnownFileType = text.xcconfig; name = "Pods-Meteow.debug.xcconfig"; path = "Target Support Files/Pods-Meteow/Pods-Meteow.debug.xcconfig"; sourceTree = "<group>"; };
/* End PBXFileReference section */

/* Begin PBXFrameworksBuildPhase section */
		269FBC13277DA44A0024E3C1 /* Frameworks */ = {
			isa = PBXFrameworksBuildPhase;
			buildActionMask = 2147483647;
			files = (
				1522ECBFB9D850B0D55A6ADA /* Pods_Meteow.framework in Frameworks */,
			);
			runOnlyForDeploymentPostprocessing = 0;
		};
/* End PBXFrameworksBuildPhase section */

/* Begin PBXGroup section */
		1894A4F6D69286B308F234B6 /* Frameworks */ = {
			isa = PBXGroup;
			children = (
				EB07E3A0568D9067C15C5237 /* Pods_Meteow.framework */,
			);
			name = Frameworks;
			sourceTree = "<group>";
		};
		196CEE39480F6B9FE5AF7DBB /* UI */ = {
			isa = PBXGroup;
			children = (
				C911252A70103B91DFF62632 /* View */,
				78B16C1DAA61517FEA95E833 /* ViewController */,
				7545AE69881FFD4F2206231F /* SettingsViewContract.swift */,
			);
			path = UI;
			sourceTree = "<group>";
		};
		218C557FC9B6D0F5B990FDB6 /* View */ = {
			isa = PBXGroup;
			children = (
			);
			path = View;
			sourceTree = "<group>";
		};
		261E4A912781C93A00E8740A /* ViewModel */ = {
			isa = PBXGroup;
			children = (
				26FFE7B72781A2D200836625 /* CityViewModel.swift */,
				261E4A962781CC4000E8740A /* CityHeaderViewModel.swift */,
			);
			path = ViewModel;
			sourceTree = "<group>";
		};
		261E4A982781CC9C00E8740A /* City */ = {
			isa = PBXGroup;
			children = (
				261E4A992781CCA900E8740A /* CityHeaderView.xib */,
			);
			path = City;
			sourceTree = "<group>";
		};
		269FBC0D277DA44A0024E3C1 = {
			isa = PBXGroup;
			children = (
				269FBC2D277DA4980024E3C1 /* Categories */,
				269FBC2E277DA49F0024E3C1 /* Classes */,
				26C0E74C277DF88400EC78DE /* Modules */,
				269FBC2F277DA4A70024E3C1 /* Ressources */,
				269FBC18277DA44A0024E3C1 /* Meteow */,
				269FBC17277DA44A0024E3C1 /* Products */,
				77000F96D1845D8BF84AF05B /* Pods */,
				1894A4F6D69286B308F234B6 /* Frameworks */,
			);
			sourceTree = "<group>";
		};
		269FBC17277DA44A0024E3C1 /* Products */ = {
			isa = PBXGroup;
			children = (
				269FBC16277DA44A0024E3C1 /* Meteow.app */,
			);
			name = Products;
			sourceTree = "<group>";
		};
		269FBC18277DA44A0024E3C1 /* Meteow */ = {
			isa = PBXGroup;
			children = (
			);
			path = Meteow;
			sourceTree = "<group>";
		};
		269FBC2D277DA4980024E3C1 /* Categories */ = {
			isa = PBXGroup;
			children = (
				269FBC54277DB5B10024E3C1 /* UIImage+Utils.swift */,
				261E4A8F2781C43C00E8740A /* Number+Strings.swift */,
				261E4A9D2781DB4200E8740A /* UIFont+Meteow.swift */,
				261E4A9F2781DE0300E8740A /* UIScrollView+Utils.swift */,
				261E4AA12781E1B800E8740A /* UIColor+Meteow.swift */,
			);
			path = Categories;
			sourceTree = "<group>";
		};
		269FBC2E277DA49F0024E3C1 /* Classes */ = {
			isa = PBXGroup;
			children = (
				269FBC31277DA4C80024E3C1 /* App */,
				269FBC30277DA4C40024E3C1 /* Core */,
				26C0E73E277DC59300EC78DE /* Data */,
				269FBC19277DA44A0024E3C1 /* AppDelegate.swift */,
			);
			path = Classes;
			sourceTree = "<group>";
		};
		269FBC2F277DA4A70024E3C1 /* Ressources */ = {
			isa = PBXGroup;
			children = (
				269FBC32277DA4FF0024E3C1 /* Xibs */,
				269FBC22277DA44C0024E3C1 /* Assets.xcassets */,
				269FBC27277DA44C0024E3C1 /* Info.plist */,
				269FBC24277DA44C0024E3C1 /* LaunchScreen.storyboard */,
				269FBC56277DB7050024E3C1 /* Localizable.strings */,
			);
			path = Ressources;
			sourceTree = "<group>";
		};
		269FBC30277DA4C40024E3C1 /* Core */ = {
			isa = PBXGroup;
			children = (
				26C0E73F277DC5A100EC78DE /* Data */,
				26C0E743277DC61700EC78DE /* Entity */,
			);
			path = Core;
			sourceTree = "<group>";
		};
		269FBC31277DA4C80024E3C1 /* App */ = {
			isa = PBXGroup;
			children = (
				26C0E753277E0D8500EC78DE /* Shared */,
				996DF2B7235CE8BC0ABCB1C8 /* Search */,
				DC04DAE213ABBDDAB36E3450 /* Cities */,
				8ADA971214BDEF5B063B2284 /* City */,
				3A2674190B7F421ED4708200 /* Settings */,
			);
			path = App;
			sourceTree = "<group>";
		};
		269FBC32277DA4FF0024E3C1 /* Xibs */ = {
			isa = PBXGroup;
			children = (
				261E4A982781CC9C00E8740A /* City */,
				269FBC58277DB9350024E3C1 /* Search */,
			);
			path = Xibs;
			sourceTree = "<group>";
		};
		269FBC58277DB9350024E3C1 /* Search */ = {
			isa = PBXGroup;
			children = (
				26C0E732277DB98E00EC78DE /* SearchViewController.xib */,
			);
			path = Search;
			sourceTree = "<group>";
		};
		26C0E736277DBAC100EC78DE /* ViewModel */ = {
			isa = PBXGroup;
			children = (
				26C0E73A277DBC4C00EC78DE /* SearchViewModel.swift */,
			);
			path = ViewModel;
			sourceTree = "<group>";
		};
		26C0E737277DBAC800EC78DE /* Mapper */ = {
			isa = PBXGroup;
			children = (
				26C0E73C277DBC9600EC78DE /* SearchViewModelMapper.swift */,
			);
			path = Mapper;
			sourceTree = "<group>";
		};
		26C0E73E277DC59300EC78DE /* Data */ = {
			isa = PBXGroup;
			children = (
				26FFE7BE2781AE5C00836625 /* RestModel */,
				26FFE7BF2781AE6200836625 /* Mapper */,
				26C0E760277E17EF00EC78DE /* Cities */,
				26C0E747277DC6D600EC78DE /* Search */,
				26FFE7B127819E3E00836625 /* Weather */,
			);
			path = Data;
			sourceTree = "<group>";
		};
		26C0E73F277DC5A100EC78DE /* Data */ = {
			isa = PBXGroup;
			children = (
				26C0E759277E177F00EC78DE /* Cities */,
				26C0E740277DC5AD00EC78DE /* Search */,
				26FFE7AE27819E2600836625 /* Weather */,
			);
			path = Data;
			sourceTree = "<group>";
		};
		26C0E740277DC5AD00EC78DE /* Search */ = {
			isa = PBXGroup;
			children = (
				26C0E741277DC5B900EC78DE /* SearchRepository.swift */,
			);
			path = Search;
			sourceTree = "<group>";
		};
		26C0E743277DC61700EC78DE /* Entity */ = {
			isa = PBXGroup;
			children = (
				26C0E75D277E17CB00EC78DE /* Cities */,
				26C0E744277DC61F00EC78DE /* Search */,
				26FFE7B427819E6500836625 /* Weather */,
			);
			path = Entity;
			sourceTree = "<group>";
		};
		26C0E744277DC61F00EC78DE /* Search */ = {
			isa = PBXGroup;
			children = (
				26C0E745277DC62B00EC78DE /* SearchResultsData.swift */,
			);
			path = Search;
			sourceTree = "<group>";
		};
		26C0E747277DC6D600EC78DE /* Search */ = {
			isa = PBXGroup;
			children = (
				26C0E748277DC6E900EC78DE /* SearchRepositoryImplementation.swift */,
			);
			path = Search;
			sourceTree = "<group>";
		};
		26C0E74C277DF88400EC78DE /* Modules */ = {
			isa = PBXGroup;
			children = (
				26C0E74D277DF89100EC78DE /* TargetSettings.swift */,
			);
			path = Modules;
			sourceTree = "<group>";
		};
		26C0E753277E0D8500EC78DE /* Shared */ = {
			isa = PBXGroup;
			children = (
				26C0E754277E0DA200EC78DE /* Alert */,
			);
			path = Shared;
			sourceTree = "<group>";
		};
		26C0E754277E0DA200EC78DE /* Alert */ = {
			isa = PBXGroup;
			children = (
				26C0E755277E0DAE00EC78DE /* AlertViewModel.swift */,
				26C0E757277E0F1000EC78DE /* Alertable.swift */,
			);
			path = Alert;
			sourceTree = "<group>";
		};
		26C0E759277E177F00EC78DE /* Cities */ = {
			isa = PBXGroup;
			children = (
				26C0E75B277E179900EC78DE /* CitiesRepository.swift */,
			);
			path = Cities;
			sourceTree = "<group>";
		};
		26C0E75D277E17CB00EC78DE /* Cities */ = {
			isa = PBXGroup;
			children = (
				26C0E75E277E17D600EC78DE /* City.swift */,
			);
			path = Cities;
			sourceTree = "<group>";
		};
		26C0E760277E17EF00EC78DE /* Cities */ = {
			isa = PBXGroup;
			children = (
				26C0E761277E180300EC78DE /* CitiesRepositoryImplementation.swift */,
			);
			path = Cities;
			sourceTree = "<group>";
		};
		26C0E763277E4C4500EC78DE /* Mapper */ = {
			isa = PBXGroup;
			children = (
				26C0E766277E4F1800EC78DE /* CitiesViewModelMapper.swift */,
			);
			path = Mapper;
			sourceTree = "<group>";
		};
		26FFE7AE27819E2600836625 /* Weather */ = {
			isa = PBXGroup;
			children = (
				26FFE7AF27819E3900836625 /* WeatherRepository.swift */,
			);
			path = Weather;
			sourceTree = "<group>";
		};
		26FFE7B127819E3E00836625 /* Weather */ = {
			isa = PBXGroup;
			children = (
				26FFE7B227819E4E00836625 /* WeatherRepositoryImplementation.swift */,
			);
			path = Weather;
			sourceTree = "<group>";
		};
		26FFE7B427819E6500836625 /* Weather */ = {
			isa = PBXGroup;
			children = (
				26FFE7B527819E7200836625 /* WeatherData.swift */,
			);
			path = Weather;
			sourceTree = "<group>";
		};
		26FFE7B92781A2D600836625 /* Mapper */ = {
			isa = PBXGroup;
			children = (
				26FFE7BA2781A2E000836625 /* CityViewModelMapper.swift */,
			);
			path = Mapper;
			sourceTree = "<group>";
		};
		26FFE7BE2781AE5C00836625 /* RestModel */ = {
			isa = PBXGroup;
			children = (
				261E4A8B2781AE8400E8740A /* RestWeatherData.swift */,
			);
			path = RestModel;
			sourceTree = "<group>";
		};
		26FFE7BF2781AE6200836625 /* Mapper */ = {
			isa = PBXGroup;
			children = (
				261E4A8D2781C00E00E8740A /* RestWeatherDataMapper.swift */,
			);
			path = Mapper;
			sourceTree = "<group>";
		};
		299C345D87352B8C45137172 /* UI */ = {
			isa = PBXGroup;
			children = (
				B6AE68706187AB1BF369614C /* View */,
				BF1F6C627434B9CE15BDFE59 /* ViewController */,
				E449C89F500CA7A1D08CBAAF /* SearchViewContract.swift */,
			);
			path = UI;
			sourceTree = "<group>";
		};
		3A2674190B7F421ED4708200 /* Settings */ = {
			isa = PBXGroup;
			children = (
				196CEE39480F6B9FE5AF7DBB /* UI */,
				5B4A7745C19D8FCA3C71FC58 /* Presenter */,
				910D3C70626E5B06CB15DA81 /* Model */,
			);
			path = Settings;
			sourceTree = "<group>";
		};
		43DE352D237C2B36DE294979 /* Presenter */ = {
			isa = PBXGroup;
			children = (
				5AAEC0DB1CCCE5B7C2CA414A /* CitiesPresenter.swift */,
				2557308E9B8E28D233AD9EC4 /* CitiesPresenterImplementation.swift */,
			);
			path = Presenter;
			sourceTree = "<group>";
		};
		473DD0D758AD319D3945C59A /* UI */ = {
			isa = PBXGroup;
			children = (
				218C557FC9B6D0F5B990FDB6 /* View */,
				A670A3481A738EED46146D7B /* ViewController */,
				3D8E23D24C2FA5EC1E6A3DD9 /* CitiesViewContract.swift */,
			);
			path = UI;
			sourceTree = "<group>";
		};
		5AD6F6E0E346CFA0FDA7DFA6 /* Model */ = {
			isa = PBXGroup;
			children = (
				26C0E763277E4C4500EC78DE /* Mapper */,
				26C0E764277E4C5100EC78DE /* CitiesViewModel.swift */,
			);
			path = Model;
			sourceTree = "<group>";
		};
		5B4A7745C19D8FCA3C71FC58 /* Presenter */ = {
			isa = PBXGroup;
			children = (
				0086A620FD06F180E4FABAE2 /* SettingsPresenter.swift */,
				31E7E96DEA9A07E7B3251E05 /* SettingsPresenterImplementation.swift */,
			);
			path = Presenter;
			sourceTree = "<group>";
		};
		66D8FF1EE66F5CBDAF0DA55B /* Presenter */ = {
			isa = PBXGroup;
			children = (
				BCD09201B692BD1698766F9E /* SearchPresenter.swift */,
				B6416679033941AABCCD46A0 /* SearchPresenterImplementation.swift */,
			);
			path = Presenter;
			sourceTree = "<group>";
		};
		77000F96D1845D8BF84AF05B /* Pods */ = {
			isa = PBXGroup;
			children = (
				FA474271B1F12D9A129994AE /* Pods-Meteow.debug.xcconfig */,
				8B12028EF0E5468969185A7A /* Pods-Meteow.release.xcconfig */,
			);
			path = Pods;
			sourceTree = "<group>";
		};
		78B16C1DAA61517FEA95E833 /* ViewController */ = {
			isa = PBXGroup;
			children = (
				32D25C68267DC9D7EA559A84 /* SettingsViewController.swift */,
			);
			path = ViewController;
			sourceTree = "<group>";
		};
		8ADA971214BDEF5B063B2284 /* City */ = {
			isa = PBXGroup;
			children = (
				D023F756B8392219EDB6C060 /* UI */,
				C5FD782398749142C0EACB32 /* Presenter */,
				E604DC4429F641D6A9C90D1D /* Model */,
			);
			path = City;
			sourceTree = "<group>";
		};
		8B97DA5B6B72187A33F04D32 /* Model */ = {
			isa = PBXGroup;
			children = (
				26C0E737277DBAC800EC78DE /* Mapper */,
				26C0E736277DBAC100EC78DE /* ViewModel */,
				26C0E738277DBAD900EC78DE /* SearchDataSource.swift */,
			);
			path = Model;
			sourceTree = "<group>";
		};
		910D3C70626E5B06CB15DA81 /* Model */ = {
			isa = PBXGroup;
			children = (
			);
			path = Model;
			sourceTree = "<group>";
		};
		996DF2B7235CE8BC0ABCB1C8 /* Search */ = {
			isa = PBXGroup;
			children = (
				299C345D87352B8C45137172 /* UI */,
				66D8FF1EE66F5CBDAF0DA55B /* Presenter */,
				8B97DA5B6B72187A33F04D32 /* Model */,
			);
			path = Search;
			sourceTree = "<group>";
		};
		9F14CCF49FB1D9B7601C1369 /* ViewController */ = {
			isa = PBXGroup;
			children = (
				5F318EED504FB10DBC465551 /* CityViewController.swift */,
			);
			path = ViewController;
			sourceTree = "<group>";
		};
		A670A3481A738EED46146D7B /* ViewController */ = {
			isa = PBXGroup;
			children = (
				0CC3071484608F16FC63A2A5 /* CitiesViewController.swift */,
			);
			path = ViewController;
			sourceTree = "<group>";
		};
		B6AE68706187AB1BF369614C /* View */ = {
			isa = PBXGroup;
			children = (
				26C0E734277DBA9C00EC78DE /* SearchTableViewCell.swift */,
			);
			path = View;
			sourceTree = "<group>";
		};
		BF1F6C627434B9CE15BDFE59 /* ViewController */ = {
			isa = PBXGroup;
			children = (
				9B834CC5C593D9A7F0CDAB04 /* SearchViewController.swift */,
			);
			path = ViewController;
			sourceTree = "<group>";
		};
		C5FD782398749142C0EACB32 /* Presenter */ = {
			isa = PBXGroup;
			children = (
				095F40CC757EF5AC0B8B3F55 /* CityPresenter.swift */,
				276BA575B3BAC05FBB2B1DC4 /* CityPresenterImplementation.swift */,
			);
			path = Presenter;
			sourceTree = "<group>";
		};
		C911252A70103B91DFF62632 /* View */ = {
			isa = PBXGroup;
			children = (
			);
			path = View;
			sourceTree = "<group>";
		};
		D023F756B8392219EDB6C060 /* UI */ = {
			isa = PBXGroup;
			children = (
				E9D7A0E98F5F7CA344FE4AEC /* View */,
				9F14CCF49FB1D9B7601C1369 /* ViewController */,
				2C929E551A5208A091972A12 /* CityViewContract.swift */,
			);
			path = UI;
			sourceTree = "<group>";
		};
		DC04DAE213ABBDDAB36E3450 /* Cities */ = {
			isa = PBXGroup;
			children = (
				473DD0D758AD319D3945C59A /* UI */,
				43DE352D237C2B36DE294979 /* Presenter */,
				5AD6F6E0E346CFA0FDA7DFA6 /* Model */,
			);
			path = Cities;
			sourceTree = "<group>";
		};
		E604DC4429F641D6A9C90D1D /* Model */ = {
			isa = PBXGroup;
			children = (
				26FFE7B92781A2D600836625 /* Mapper */,
				261E4A912781C93A00E8740A /* ViewModel */,
				261E4A922781C94E00E8740A /* CityDataSource.swift */,
			);
			path = Model;
			sourceTree = "<group>";
		};
		E9D7A0E98F5F7CA344FE4AEC /* View */ = {
			isa = PBXGroup;
			children = (
				261E4A942781CB2200E8740A /* CityHeaderView.swift */,
			);
			path = View;
			sourceTree = "<group>";
		};
/* End PBXGroup section */

/* Begin PBXNativeTarget section */
		269FBC15277DA44A0024E3C1 /* Meteow */ = {
			isa = PBXNativeTarget;
			buildConfigurationList = 269FBC2A277DA44C0024E3C1 /* Build configuration list for PBXNativeTarget "Meteow" */;
			buildPhases = (
				08A36ED5914AD269F55916D0 /* [CP] Check Pods Manifest.lock */,
				269FBC12277DA44A0024E3C1 /* Sources */,
				269FBC13277DA44A0024E3C1 /* Frameworks */,
				269FBC14277DA44A0024E3C1 /* Resources */,
				1B8FAB3C0AF3E8B38FF59018 /* [CP] Embed Pods Frameworks */,
			);
			buildRules = (
			);
			dependencies = (
			);
			name = Meteow;
			productName = Meteow;
			productReference = 269FBC16277DA44A0024E3C1 /* Meteow.app */;
			productType = "com.apple.product-type.application";
		};
/* End PBXNativeTarget section */

/* Begin PBXProject section */
		269FBC0E277DA44A0024E3C1 /* Project object */ = {
			isa = PBXProject;
			attributes = {
				BuildIndependentTargetsInParallel = 1;
				LastSwiftUpdateCheck = 1320;
				LastUpgradeCheck = 1320;
				TargetAttributes = {
					269FBC15277DA44A0024E3C1 = {
						CreatedOnToolsVersion = 13.2.1;
					};
				};
			};
			buildConfigurationList = 269FBC11277DA44A0024E3C1 /* Build configuration list for PBXProject "Meteow" */;
			compatibilityVersion = "Xcode 13.0";
			developmentRegion = en;
			hasScannedForEncodings = 0;
			knownRegions = (
				en,
				Base,
			);
			mainGroup = 269FBC0D277DA44A0024E3C1;
			productRefGroup = 269FBC17277DA44A0024E3C1 /* Products */;
			projectDirPath = "";
			projectRoot = "";
			targets = (
				269FBC15277DA44A0024E3C1 /* Meteow */,
			);
		};
/* End PBXProject section */

/* Begin PBXResourcesBuildPhase section */
		269FBC14277DA44A0024E3C1 /* Resources */ = {
			isa = PBXResourcesBuildPhase;
			buildActionMask = 2147483647;
			files = (
				261E4A9A2781CCA900E8740A /* CityHeaderView.xib in Resources */,
				269FBC26277DA44C0024E3C1 /* LaunchScreen.storyboard in Resources */,
				269FBC57277DB7060024E3C1 /* Localizable.strings in Resources */,
				26C0E733277DB98E00EC78DE /* SearchViewController.xib in Resources */,
				269FBC23277DA44C0024E3C1 /* Assets.xcassets in Resources */,
			);
			runOnlyForDeploymentPostprocessing = 0;
		};
/* End PBXResourcesBuildPhase section */

/* Begin PBXShellScriptBuildPhase section */
		08A36ED5914AD269F55916D0 /* [CP] Check Pods Manifest.lock */ = {
			isa = PBXShellScriptBuildPhase;
			buildActionMask = 2147483647;
			files = (
			);
			inputFileListPaths = (
			);
			inputPaths = (
				"${PODS_PODFILE_DIR_PATH}/Podfile.lock",
				"${PODS_ROOT}/Manifest.lock",
			);
			name = "[CP] Check Pods Manifest.lock";
			outputFileListPaths = (
			);
			outputPaths = (
				"$(DERIVED_FILE_DIR)/Pods-Meteow-checkManifestLockResult.txt",
			);
			runOnlyForDeploymentPostprocessing = 0;
			shellPath = /bin/sh;
			shellScript = "diff \"${PODS_PODFILE_DIR_PATH}/Podfile.lock\" \"${PODS_ROOT}/Manifest.lock\" > /dev/null\nif [ $? != 0 ] ; then\n    # print error to STDERR\n    echo \"error: The sandbox is not in sync with the Podfile.lock. Run 'pod install' or update your CocoaPods installation.\" >&2\n    exit 1\nfi\n# This output is used by Xcode 'outputs' to avoid re-running this script phase.\necho \"SUCCESS\" > \"${SCRIPT_OUTPUT_FILE_0}\"\n";
			showEnvVarsInLog = 0;
		};
		1B8FAB3C0AF3E8B38FF59018 /* [CP] Embed Pods Frameworks */ = {
			isa = PBXShellScriptBuildPhase;
			buildActionMask = 2147483647;
			files = (
			);
			inputFileListPaths = (
				"${PODS_ROOT}/Target Support Files/Pods-Meteow/Pods-Meteow-frameworks-${CONFIGURATION}-input-files.xcfilelist",
			);
			name = "[CP] Embed Pods Frameworks";
			outputFileListPaths = (
				"${PODS_ROOT}/Target Support Files/Pods-Meteow/Pods-Meteow-frameworks-${CONFIGURATION}-output-files.xcfilelist",
			);
			runOnlyForDeploymentPostprocessing = 0;
			shellPath = /bin/sh;
			shellScript = "\"${PODS_ROOT}/Target Support Files/Pods-Meteow/Pods-Meteow-frameworks.sh\"\n";
			showEnvVarsInLog = 0;
		};
/* End PBXShellScriptBuildPhase section */

/* Begin PBXSourcesBuildPhase section */
		269FBC12277DA44A0024E3C1 /* Sources */ = {
			isa = PBXSourcesBuildPhase;
			buildActionMask = 2147483647;
			files = (
				269FBC1A277DA44A0024E3C1 /* AppDelegate.swift in Sources */,
				32DEC465DF9A74917F7DBF15 /* SearchViewContract.swift in Sources */,
				26C0E762277E180300EC78DE /* CitiesRepositoryImplementation.swift in Sources */,
				261E4A8E2781C00E00E8740A /* RestWeatherDataMapper.swift in Sources */,
				26C0E739277DBAD900EC78DE /* SearchDataSource.swift in Sources */,
				26C0E767277E4F1800EC78DE /* CitiesViewModelMapper.swift in Sources */,
				26C0E75C277E179900EC78DE /* CitiesRepository.swift in Sources */,
				6A843CB26B619A76818C0A82 /* SearchViewController.swift in Sources */,
				147F1D4B44C8CF57BBE88646 /* SearchPresenter.swift in Sources */,
				26C0E74E277DF89200EC78DE /* TargetSettings.swift in Sources */,
				26FFE7B327819E4E00836625 /* WeatherRepositoryImplementation.swift in Sources */,
				26C0E758277E0F1000EC78DE /* Alertable.swift in Sources */,
				261E4A8C2781AE8400E8740A /* RestWeatherData.swift in Sources */,
				AAA16D92C03B99BB7B8EF8BD /* SearchPresenterImplementation.swift in Sources */,
				26C0E756277E0DAF00EC78DE /* AlertViewModel.swift in Sources */,
				FC2D0610FAFA09D0FA46483E /* CityViewContract.swift in Sources */,
				29F715ACEB0E4EF18BF6EF80 /* CityViewController.swift in Sources */,
				26C0E746277DC62B00EC78DE /* SearchResultsData.swift in Sources */,
				A20C0BEE931C534418A29808 /* CityPresenter.swift in Sources */,
				261E4A932781C94E00E8740A /* CityDataSource.swift in Sources */,
				4C2F91319C8869C64B10224C /* CityPresenterImplementation.swift in Sources */,
				26FFE7BB2781A2E000836625 /* CityViewModelMapper.swift in Sources */,
				26C0E735277DBA9C00EC78DE /* SearchTableViewCell.swift in Sources */,
				26C0E749277DC6E900EC78DE /* SearchRepositoryImplementation.swift in Sources */,
				26C0E73D277DBC9600EC78DE /* SearchViewModelMapper.swift in Sources */,
				261E4AA22781E1B900E8740A /* UIColor+Meteow.swift in Sources */,
				4D34803EF15F95BA9797795D /* SettingsViewContract.swift in Sources */,
				261E4A9E2781DB4200E8740A /* UIFont+Meteow.swift in Sources */,
				261E4A972781CC4000E8740A /* CityHeaderViewModel.swift in Sources */,
				26FFE7B82781A2D200836625 /* CityViewModel.swift in Sources */,
				073144253C8A35C019117E03 /* SettingsViewController.swift in Sources */,
				261E4A952781CB2200E8740A /* CityHeaderView.swift in Sources */,
				261E4AA02781DE0300E8740A /* UIScrollView+Utils.swift in Sources */,
				269FBC55277DB5B10024E3C1 /* UIImage+Utils.swift in Sources */,
				26C0E73B277DBC4C00EC78DE /* SearchViewModel.swift in Sources */,
				26FFE7B027819E3900836625 /* WeatherRepository.swift in Sources */,
				B7B2B8E0305D206B9A833391 /* SettingsPresenter.swift in Sources */,
				CD19EE63940DF97314B08FA4 /* SettingsPresenterImplementation.swift in Sources */,
				261E4A902781C43C00E8740A /* Number+Strings.swift in Sources */,
				26C0E75F277E17D600EC78DE /* City.swift in Sources */,
				26C0E742277DC5B900EC78DE /* SearchRepository.swift in Sources */,
				EA0E42ADF2C958E3CB47ACF1 /* CitiesViewContract.swift in Sources */,
				FB10D3DAF02C565DA9F80F26 /* CitiesViewController.swift in Sources */,
				26C0E765277E4C5100EC78DE /* CitiesViewModel.swift in Sources */,
				082E346840AE1890DF1264C5 /* CitiesPresenter.swift in Sources */,
				26FFE7B627819E7200836625 /* WeatherData.swift in Sources */,
				E066B6A370529C0D8138AD42 /* CitiesPresenterImplementation.swift in Sources */,
			);
			runOnlyForDeploymentPostprocessing = 0;
		};
/* End PBXSourcesBuildPhase section */

/* Begin PBXVariantGroup section */
		269FBC24277DA44C0024E3C1 /* LaunchScreen.storyboard */ = {
			isa = PBXVariantGroup;
			children = (
				269FBC25277DA44C0024E3C1 /* Base */,
			);
			name = LaunchScreen.storyboard;
			sourceTree = "<group>";
		};
/* End PBXVariantGroup section */

/* Begin XCBuildConfiguration section */
		269FBC28277DA44C0024E3C1 /* Debug */ = {
			isa = XCBuildConfiguration;
			buildSettings = {
				ALWAYS_SEARCH_USER_PATHS = NO;
				CLANG_ANALYZER_NONNULL = YES;
				CLANG_ANALYZER_NUMBER_OBJECT_CONVERSION = YES_AGGRESSIVE;
				CLANG_CXX_LANGUAGE_STANDARD = "gnu++17";
				CLANG_CXX_LIBRARY = "libc++";
				CLANG_ENABLE_MODULES = YES;
				CLANG_ENABLE_OBJC_ARC = YES;
				CLANG_ENABLE_OBJC_WEAK = YES;
				CLANG_WARN_BLOCK_CAPTURE_AUTORELEASING = YES;
				CLANG_WARN_BOOL_CONVERSION = YES;
				CLANG_WARN_COMMA = YES;
				CLANG_WARN_CONSTANT_CONVERSION = YES;
				CLANG_WARN_DEPRECATED_OBJC_IMPLEMENTATIONS = YES;
				CLANG_WARN_DIRECT_OBJC_ISA_USAGE = YES_ERROR;
				CLANG_WARN_DOCUMENTATION_COMMENTS = YES;
				CLANG_WARN_EMPTY_BODY = YES;
				CLANG_WARN_ENUM_CONVERSION = YES;
				CLANG_WARN_INFINITE_RECURSION = YES;
				CLANG_WARN_INT_CONVERSION = YES;
				CLANG_WARN_NON_LITERAL_NULL_CONVERSION = YES;
				CLANG_WARN_OBJC_IMPLICIT_RETAIN_SELF = YES;
				CLANG_WARN_OBJC_LITERAL_CONVERSION = YES;
				CLANG_WARN_OBJC_ROOT_CLASS = YES_ERROR;
				CLANG_WARN_QUOTED_INCLUDE_IN_FRAMEWORK_HEADER = YES;
				CLANG_WARN_RANGE_LOOP_ANALYSIS = YES;
				CLANG_WARN_STRICT_PROTOTYPES = YES;
				CLANG_WARN_SUSPICIOUS_MOVE = YES;
				CLANG_WARN_UNGUARDED_AVAILABILITY = YES_AGGRESSIVE;
				CLANG_WARN_UNREACHABLE_CODE = YES;
				CLANG_WARN__DUPLICATE_METHOD_MATCH = YES;
				COPY_PHASE_STRIP = NO;
				DEBUG_INFORMATION_FORMAT = dwarf;
				ENABLE_STRICT_OBJC_MSGSEND = YES;
				ENABLE_TESTABILITY = YES;
				GCC_C_LANGUAGE_STANDARD = gnu11;
				GCC_DYNAMIC_NO_PIC = NO;
				GCC_NO_COMMON_BLOCKS = YES;
				GCC_OPTIMIZATION_LEVEL = 0;
				GCC_PREPROCESSOR_DEFINITIONS = (
					"DEBUG=1",
					"$(inherited)",
				);
				GCC_WARN_64_TO_32_BIT_CONVERSION = YES;
				GCC_WARN_ABOUT_RETURN_TYPE = YES_ERROR;
				GCC_WARN_UNDECLARED_SELECTOR = YES;
				GCC_WARN_UNINITIALIZED_AUTOS = YES_AGGRESSIVE;
				GCC_WARN_UNUSED_FUNCTION = YES;
				GCC_WARN_UNUSED_VARIABLE = YES;
				IPHONEOS_DEPLOYMENT_TARGET = 15.2;
				MTL_ENABLE_DEBUG_INFO = INCLUDE_SOURCE;
				MTL_FAST_MATH = YES;
				ONLY_ACTIVE_ARCH = YES;
				SDKROOT = iphoneos;
				SWIFT_ACTIVE_COMPILATION_CONDITIONS = DEBUG;
				SWIFT_OPTIMIZATION_LEVEL = "-Onone";
			};
			name = Debug;
		};
		269FBC29277DA44C0024E3C1 /* Release */ = {
			isa = XCBuildConfiguration;
			buildSettings = {
				ALWAYS_SEARCH_USER_PATHS = NO;
				CLANG_ANALYZER_NONNULL = YES;
				CLANG_ANALYZER_NUMBER_OBJECT_CONVERSION = YES_AGGRESSIVE;
				CLANG_CXX_LANGUAGE_STANDARD = "gnu++17";
				CLANG_CXX_LIBRARY = "libc++";
				CLANG_ENABLE_MODULES = YES;
				CLANG_ENABLE_OBJC_ARC = YES;
				CLANG_ENABLE_OBJC_WEAK = YES;
				CLANG_WARN_BLOCK_CAPTURE_AUTORELEASING = YES;
				CLANG_WARN_BOOL_CONVERSION = YES;
				CLANG_WARN_COMMA = YES;
				CLANG_WARN_CONSTANT_CONVERSION = YES;
				CLANG_WARN_DEPRECATED_OBJC_IMPLEMENTATIONS = YES;
				CLANG_WARN_DIRECT_OBJC_ISA_USAGE = YES_ERROR;
				CLANG_WARN_DOCUMENTATION_COMMENTS = YES;
				CLANG_WARN_EMPTY_BODY = YES;
				CLANG_WARN_ENUM_CONVERSION = YES;
				CLANG_WARN_INFINITE_RECURSION = YES;
				CLANG_WARN_INT_CONVERSION = YES;
				CLANG_WARN_NON_LITERAL_NULL_CONVERSION = YES;
				CLANG_WARN_OBJC_IMPLICIT_RETAIN_SELF = YES;
				CLANG_WARN_OBJC_LITERAL_CONVERSION = YES;
				CLANG_WARN_OBJC_ROOT_CLASS = YES_ERROR;
				CLANG_WARN_QUOTED_INCLUDE_IN_FRAMEWORK_HEADER = YES;
				CLANG_WARN_RANGE_LOOP_ANALYSIS = YES;
				CLANG_WARN_STRICT_PROTOTYPES = YES;
				CLANG_WARN_SUSPICIOUS_MOVE = YES;
				CLANG_WARN_UNGUARDED_AVAILABILITY = YES_AGGRESSIVE;
				CLANG_WARN_UNREACHABLE_CODE = YES;
				CLANG_WARN__DUPLICATE_METHOD_MATCH = YES;
				COPY_PHASE_STRIP = NO;
				DEBUG_INFORMATION_FORMAT = "dwarf-with-dsym";
				ENABLE_NS_ASSERTIONS = NO;
				ENABLE_STRICT_OBJC_MSGSEND = YES;
				GCC_C_LANGUAGE_STANDARD = gnu11;
				GCC_NO_COMMON_BLOCKS = YES;
				GCC_WARN_64_TO_32_BIT_CONVERSION = YES;
				GCC_WARN_ABOUT_RETURN_TYPE = YES_ERROR;
				GCC_WARN_UNDECLARED_SELECTOR = YES;
				GCC_WARN_UNINITIALIZED_AUTOS = YES_AGGRESSIVE;
				GCC_WARN_UNUSED_FUNCTION = YES;
				GCC_WARN_UNUSED_VARIABLE = YES;
				IPHONEOS_DEPLOYMENT_TARGET = 15.2;
				MTL_ENABLE_DEBUG_INFO = NO;
				MTL_FAST_MATH = YES;
				SDKROOT = iphoneos;
				SWIFT_COMPILATION_MODE = wholemodule;
				SWIFT_OPTIMIZATION_LEVEL = "-O";
				VALIDATE_PRODUCT = YES;
			};
			name = Release;
		};
		269FBC2B277DA44C0024E3C1 /* Debug */ = {
			isa = XCBuildConfiguration;
			baseConfigurationReference = FA474271B1F12D9A129994AE /* Pods-Meteow.debug.xcconfig */;
			buildSettings = {
				ASSETCATALOG_COMPILER_APPICON_NAME = AppIcon;
				ASSETCATALOG_COMPILER_GLOBAL_ACCENT_COLOR_NAME = AccentColor;
				CODE_SIGN_STYLE = Automatic;
				CURRENT_PROJECT_VERSION = 1;
				DEVELOPMENT_TEAM = PNXVL7Y725;
				GENERATE_INFOPLIST_FILE = YES;
				INFOPLIST_FILE = Meteow/Info.plist;
				INFOPLIST_KEY_LSApplicationCategoryType = "";
				INFOPLIST_KEY_UIApplicationSupportsIndirectInputEvents = YES;
				INFOPLIST_KEY_UILaunchStoryboardName = LaunchScreen;
				INFOPLIST_KEY_UISupportedInterfaceOrientations_iPad = "UIInterfaceOrientationPortrait UIInterfaceOrientationPortraitUpsideDown UIInterfaceOrientationLandscapeLeft UIInterfaceOrientationLandscapeRight";
				INFOPLIST_KEY_UISupportedInterfaceOrientations_iPhone = "UIInterfaceOrientationPortrait UIInterfaceOrientationLandscapeLeft UIInterfaceOrientationLandscapeRight";
				LD_RUNPATH_SEARCH_PATHS = (
					"$(inherited)",
					"@executable_path/Frameworks",
				);
				MARKETING_VERSION = 1.0;
				PRODUCT_BUNDLE_IDENTIFIER = loicsaillant.Meteow;
				PRODUCT_NAME = "$(TARGET_NAME)";
				SWIFT_EMIT_LOC_STRINGS = YES;
				SWIFT_VERSION = 5.0;
				TARGETED_DEVICE_FAMILY = "1,2";
			};
			name = Debug;
		};
		269FBC2C277DA44C0024E3C1 /* Release */ = {
			isa = XCBuildConfiguration;
			baseConfigurationReference = 8B12028EF0E5468969185A7A /* Pods-Meteow.release.xcconfig */;
			buildSettings = {
				ASSETCATALOG_COMPILER_APPICON_NAME = AppIcon;
				ASSETCATALOG_COMPILER_GLOBAL_ACCENT_COLOR_NAME = AccentColor;
				CODE_SIGN_STYLE = Automatic;
				CURRENT_PROJECT_VERSION = 1;
				DEVELOPMENT_TEAM = PNXVL7Y725;
				GENERATE_INFOPLIST_FILE = YES;
				INFOPLIST_FILE = Meteow/Info.plist;
				INFOPLIST_KEY_LSApplicationCategoryType = "";
				INFOPLIST_KEY_UIApplicationSupportsIndirectInputEvents = YES;
				INFOPLIST_KEY_UILaunchStoryboardName = LaunchScreen;
				INFOPLIST_KEY_UISupportedInterfaceOrientations_iPad = "UIInterfaceOrientationPortrait UIInterfaceOrientationPortraitUpsideDown UIInterfaceOrientationLandscapeLeft UIInterfaceOrientationLandscapeRight";
				INFOPLIST_KEY_UISupportedInterfaceOrientations_iPhone = "UIInterfaceOrientationPortrait UIInterfaceOrientationLandscapeLeft UIInterfaceOrientationLandscapeRight";
				LD_RUNPATH_SEARCH_PATHS = (
					"$(inherited)",
					"@executable_path/Frameworks",
				);
				MARKETING_VERSION = 1.0;
				PRODUCT_BUNDLE_IDENTIFIER = loicsaillant.Meteow;
				PRODUCT_NAME = "$(TARGET_NAME)";
				SWIFT_EMIT_LOC_STRINGS = YES;
				SWIFT_VERSION = 5.0;
				TARGETED_DEVICE_FAMILY = "1,2";
			};
			name = Release;
		};
/* End XCBuildConfiguration section */

/* Begin XCConfigurationList section */
		269FBC11277DA44A0024E3C1 /* Build configuration list for PBXProject "Meteow" */ = {
			isa = XCConfigurationList;
			buildConfigurations = (
				269FBC28277DA44C0024E3C1 /* Debug */,
				269FBC29277DA44C0024E3C1 /* Release */,
			);
			defaultConfigurationIsVisible = 0;
			defaultConfigurationName = Release;
		};
		269FBC2A277DA44C0024E3C1 /* Build configuration list for PBXNativeTarget "Meteow" */ = {
			isa = XCConfigurationList;
			buildConfigurations = (
				269FBC2B277DA44C0024E3C1 /* Debug */,
				269FBC2C277DA44C0024E3C1 /* Release */,
			);
			defaultConfigurationIsVisible = 0;
			defaultConfigurationName = Release;
		};
/* End XCConfigurationList section */
	};
	rootObject = 269FBC0E277DA44A0024E3C1 /* Project object */;
}
