// !$*UTF8*$!
{
	archiveVersion = 1;
	classes = {
	};
	objectVersion = 55;
	objects = {

/* Begin PBXBuildFile section */
		073144253C8A35C019117E03 /* SettingsViewController.swift in Sources */ = {isa = PBXBuildFile; fileRef = 32D25C68267DC9D7EA559A84 /* SettingsViewController.swift */; };
		147F1D4B44C8CF57BBE88646 /* SearchPresenter.swift in Sources */ = {isa = PBXBuildFile; fileRef = BCD09201B692BD1698766F9E /* SearchPresenter.swift */; };
		1522ECBFB9D850B0D55A6ADA /* Pods_Meteow.framework in Frameworks */ = {isa = PBXBuildFile; fileRef = EB07E3A0568D9067C15C5237 /* Pods_Meteow.framework */; };
		269FBC1A277DA44A0024E3C1 /* AppDelegate.swift in Sources */ = {isa = PBXBuildFile; fileRef = 269FBC19277DA44A0024E3C1 /* AppDelegate.swift */; };
		269FBC23277DA44C0024E3C1 /* Assets.xcassets in Resources */ = {isa = PBXBuildFile; fileRef = 269FBC22277DA44C0024E3C1 /* Assets.xcassets */; };
		269FBC26277DA44C0024E3C1 /* LaunchScreen.storyboard in Resources */ = {isa = PBXBuildFile; fileRef = 269FBC24277DA44C0024E3C1 /* LaunchScreen.storyboard */; };
		269FBC55277DB5B10024E3C1 /* UIImage+Utils.swift in Sources */ = {isa = PBXBuildFile; fileRef = 269FBC54277DB5B10024E3C1 /* UIImage+Utils.swift */; };
		269FBC57277DB7060024E3C1 /* Localizable.strings in Resources */ = {isa = PBXBuildFile; fileRef = 269FBC56277DB7050024E3C1 /* Localizable.strings */; };
		29F715ACEB0E4EF18BF6EF80 /* CityViewController.swift in Sources */ = {isa = PBXBuildFile; fileRef = 5F318EED504FB10DBC465551 /* CityViewController.swift */; };
		32DEC465DF9A74917F7DBF15 /* SearchViewContract.swift in Sources */ = {isa = PBXBuildFile; fileRef = E449C89F500CA7A1D08CBAAF /* SearchViewContract.swift */; };
		4C2F91319C8869C64B10224C /* CityPresenterImplementation.swift in Sources */ = {isa = PBXBuildFile; fileRef = 276BA575B3BAC05FBB2B1DC4 /* CityPresenterImplementation.swift */; };
		4D34803EF15F95BA9797795D /* SettingsViewContract.swift in Sources */ = {isa = PBXBuildFile; fileRef = 7545AE69881FFD4F2206231F /* SettingsViewContract.swift */; };
		6A843CB26B619A76818C0A82 /* SearchViewController.swift in Sources */ = {isa = PBXBuildFile; fileRef = 9B834CC5C593D9A7F0CDAB04 /* SearchViewController.swift */; };
		A20C0BEE931C534418A29808 /* CityPresenter.swift in Sources */ = {isa = PBXBuildFile; fileRef = 095F40CC757EF5AC0B8B3F55 /* CityPresenter.swift */; };
		AAA16D92C03B99BB7B8EF8BD /* SearchPresenterImplementation.swift in Sources */ = {isa = PBXBuildFile; fileRef = B6416679033941AABCCD46A0 /* SearchPresenterImplementation.swift */; };
		B7B2B8E0305D206B9A833391 /* SettingsPresenter.swift in Sources */ = {isa = PBXBuildFile; fileRef = 0086A620FD06F180E4FABAE2 /* SettingsPresenter.swift */; };
		CD19EE63940DF97314B08FA4 /* SettingsPresenterImplementation.swift in Sources */ = {isa = PBXBuildFile; fileRef = 31E7E96DEA9A07E7B3251E05 /* SettingsPresenterImplementation.swift */; };
		FC2D0610FAFA09D0FA46483E /* CityViewContract.swift in Sources */ = {isa = PBXBuildFile; fileRef = 2C929E551A5208A091972A12 /* CityViewContract.swift */; };
/* End PBXBuildFile section */

/* Begin PBXFileReference section */
		0086A620FD06F180E4FABAE2 /* SettingsPresenter.swift */ = {isa = PBXFileReference; includeInIndex = 1; lastKnownFileType = sourcecode.swift; path = SettingsPresenter.swift; sourceTree = "<group>"; };
		095F40CC757EF5AC0B8B3F55 /* CityPresenter.swift */ = {isa = PBXFileReference; includeInIndex = 1; lastKnownFileType = sourcecode.swift; path = CityPresenter.swift; sourceTree = "<group>"; };
		269FBC16277DA44A0024E3C1 /* Meteow.app */ = {isa = PBXFileReference; explicitFileType = wrapper.application; includeInIndex = 0; path = Meteow.app; sourceTree = BUILT_PRODUCTS_DIR; };
		269FBC19277DA44A0024E3C1 /* AppDelegate.swift */ = {isa = PBXFileReference; lastKnownFileType = sourcecode.swift; path = AppDelegate.swift; sourceTree = "<group>"; };
		269FBC22277DA44C0024E3C1 /* Assets.xcassets */ = {isa = PBXFileReference; lastKnownFileType = folder.assetcatalog; path = Assets.xcassets; sourceTree = "<group>"; };
		269FBC25277DA44C0024E3C1 /* Base */ = {isa = PBXFileReference; lastKnownFileType = file.storyboard; name = Base; path = Base.lproj/LaunchScreen.storyboard; sourceTree = "<group>"; };
		269FBC27277DA44C0024E3C1 /* Info.plist */ = {isa = PBXFileReference; lastKnownFileType = text.plist.xml; path = Info.plist; sourceTree = "<group>"; };
		269FBC54277DB5B10024E3C1 /* UIImage+Utils.swift */ = {isa = PBXFileReference; lastKnownFileType = sourcecode.swift; path = "UIImage+Utils.swift"; sourceTree = "<group>"; };
		269FBC56277DB7050024E3C1 /* Localizable.strings */ = {isa = PBXFileReference; lastKnownFileType = text.plist.strings; path = Localizable.strings; sourceTree = "<group>"; };
		276BA575B3BAC05FBB2B1DC4 /* CityPresenterImplementation.swift */ = {isa = PBXFileReference; includeInIndex = 1; lastKnownFileType = sourcecode.swift; path = CityPresenterImplementation.swift; sourceTree = "<group>"; };
		2C929E551A5208A091972A12 /* CityViewContract.swift */ = {isa = PBXFileReference; includeInIndex = 1; lastKnownFileType = sourcecode.swift; path = CityViewContract.swift; sourceTree = "<group>"; };
		31E7E96DEA9A07E7B3251E05 /* SettingsPresenterImplementation.swift */ = {isa = PBXFileReference; includeInIndex = 1; lastKnownFileType = sourcecode.swift; path = SettingsPresenterImplementation.swift; sourceTree = "<group>"; };
		32D25C68267DC9D7EA559A84 /* SettingsViewController.swift */ = {isa = PBXFileReference; includeInIndex = 1; lastKnownFileType = sourcecode.swift; path = SettingsViewController.swift; sourceTree = "<group>"; };
		5F318EED504FB10DBC465551 /* CityViewController.swift */ = {isa = PBXFileReference; includeInIndex = 1; lastKnownFileType = sourcecode.swift; path = CityViewController.swift; sourceTree = "<group>"; };
		7545AE69881FFD4F2206231F /* SettingsViewContract.swift */ = {isa = PBXFileReference; includeInIndex = 1; lastKnownFileType = sourcecode.swift; path = SettingsViewContract.swift; sourceTree = "<group>"; };
		8B12028EF0E5468969185A7A /* Pods-Meteow.release.xcconfig */ = {isa = PBXFileReference; includeInIndex = 1; lastKnownFileType = text.xcconfig; name = "Pods-Meteow.release.xcconfig"; path = "Target Support Files/Pods-Meteow/Pods-Meteow.release.xcconfig"; sourceTree = "<group>"; };
		9B834CC5C593D9A7F0CDAB04 /* SearchViewController.swift */ = {isa = PBXFileReference; includeInIndex = 1; lastKnownFileType = sourcecode.swift; path = SearchViewController.swift; sourceTree = "<group>"; };
		B6416679033941AABCCD46A0 /* SearchPresenterImplementation.swift */ = {isa = PBXFileReference; includeInIndex = 1; lastKnownFileType = sourcecode.swift; path = SearchPresenterImplementation.swift; sourceTree = "<group>"; };
		BCD09201B692BD1698766F9E /* SearchPresenter.swift */ = {isa = PBXFileReference; includeInIndex = 1; lastKnownFileType = sourcecode.swift; path = SearchPresenter.swift; sourceTree = "<group>"; };
		E449C89F500CA7A1D08CBAAF /* SearchViewContract.swift */ = {isa = PBXFileReference; includeInIndex = 1; lastKnownFileType = sourcecode.swift; path = SearchViewContract.swift; sourceTree = "<group>"; };
		EB07E3A0568D9067C15C5237 /* Pods_Meteow.framework */ = {isa = PBXFileReference; explicitFileType = wrapper.framework; includeInIndex = 0; path = Pods_Meteow.framework; sourceTree = BUILT_PRODUCTS_DIR; };
		FA474271B1F12D9A129994AE /* Pods-Meteow.debug.xcconfig */ = {isa = PBXFileReference; includeInIndex = 1; lastKnownFileType = text.xcconfig; name = "Pods-Meteow.debug.xcconfig"; path = "Target Support Files/Pods-Meteow/Pods-Meteow.debug.xcconfig"; sourceTree = "<group>"; };
/* End PBXFileReference section */

/* Begin PBXFrameworksBuildPhase section */
		269FBC13277DA44A0024E3C1 /* Frameworks */ = {
			isa = PBXFrameworksBuildPhase;
			buildActionMask = 2147483647;
			files = (
				1522ECBFB9D850B0D55A6ADA /* Pods_Meteow.framework in Frameworks */,
			);
			runOnlyForDeploymentPostprocessing = 0;
		};
/* End PBXFrameworksBuildPhase section */

/* Begin PBXGroup section */
		1894A4F6D69286B308F234B6 /* Frameworks */ = {
			isa = PBXGroup;
			children = (
				EB07E3A0568D9067C15C5237 /* Pods_Meteow.framework */,
			);
			name = Frameworks;
			sourceTree = "<group>";
		};
		196CEE39480F6B9FE5AF7DBB /* UI */ = {
			isa = PBXGroup;
			children = (
				C911252A70103B91DFF62632 /* View */,
				78B16C1DAA61517FEA95E833 /* ViewController */,
				7545AE69881FFD4F2206231F /* SettingsViewContract.swift */,
			);
			path = UI;
			sourceTree = "<group>";
		};
		269FBC0D277DA44A0024E3C1 = {
			isa = PBXGroup;
			children = (
				269FBC2D277DA4980024E3C1 /* Categories */,
				269FBC2E277DA49F0024E3C1 /* Classes */,
				269FBC2F277DA4A70024E3C1 /* Ressources */,
				269FBC18277DA44A0024E3C1 /* Meteow */,
				269FBC17277DA44A0024E3C1 /* Products */,
				77000F96D1845D8BF84AF05B /* Pods */,
				1894A4F6D69286B308F234B6 /* Frameworks */,
			);
			sourceTree = "<group>";
		};
		269FBC17277DA44A0024E3C1 /* Products */ = {
			isa = PBXGroup;
			children = (
				269FBC16277DA44A0024E3C1 /* Meteow.app */,
			);
			name = Products;
			sourceTree = "<group>";
		};
		269FBC18277DA44A0024E3C1 /* Meteow */ = {
			isa = PBXGroup;
			children = (
			);
			path = Meteow;
			sourceTree = "<group>";
		};
		269FBC2D277DA4980024E3C1 /* Categories */ = {
			isa = PBXGroup;
			children = (
				269FBC54277DB5B10024E3C1 /* UIImage+Utils.swift */,
			);
			path = Categories;
			sourceTree = "<group>";
		};
		269FBC2E277DA49F0024E3C1 /* Classes */ = {
			isa = PBXGroup;
			children = (
				269FBC31277DA4C80024E3C1 /* App */,
				269FBC30277DA4C40024E3C1 /* Core */,
				269FBC19277DA44A0024E3C1 /* AppDelegate.swift */,
			);
			path = Classes;
			sourceTree = "<group>";
		};
		269FBC2F277DA4A70024E3C1 /* Ressources */ = {
			isa = PBXGroup;
			children = (
				269FBC32277DA4FF0024E3C1 /* Xibs */,
				269FBC22277DA44C0024E3C1 /* Assets.xcassets */,
				269FBC27277DA44C0024E3C1 /* Info.plist */,
				269FBC24277DA44C0024E3C1 /* LaunchScreen.storyboard */,
				269FBC56277DB7050024E3C1 /* Localizable.strings */,
			);
			path = Ressources;
			sourceTree = "<group>";
		};
		269FBC30277DA4C40024E3C1 /* Core */ = {
			isa = PBXGroup;
			children = (
			);
			path = Core;
			sourceTree = "<group>";
		};
		269FBC31277DA4C80024E3C1 /* App */ = {
			isa = PBXGroup;
			children = (
				996DF2B7235CE8BC0ABCB1C8 /* Search */,
				8ADA971214BDEF5B063B2284 /* City */,
				3A2674190B7F421ED4708200 /* Settings */,
			);
			path = App;
			sourceTree = "<group>";
		};
		269FBC32277DA4FF0024E3C1 /* Xibs */ = {
			isa = PBXGroup;
			children = (
			);
			path = Xibs;
			sourceTree = "<group>";
		};
		299C345D87352B8C45137172 /* UI */ = {
			isa = PBXGroup;
			children = (
				B6AE68706187AB1BF369614C /* View */,
				BF1F6C627434B9CE15BDFE59 /* ViewController */,
				E449C89F500CA7A1D08CBAAF /* SearchViewContract.swift */,
			);
			path = UI;
			sourceTree = "<group>";
		};
		3A2674190B7F421ED4708200 /* Settings */ = {
			isa = PBXGroup;
			children = (
				196CEE39480F6B9FE5AF7DBB /* UI */,
				5B4A7745C19D8FCA3C71FC58 /* Presenter */,
				910D3C70626E5B06CB15DA81 /* Model */,
			);
			path = Settings;
			sourceTree = "<group>";
		};
		5B4A7745C19D8FCA3C71FC58 /* Presenter */ = {
			isa = PBXGroup;
			children = (
				0086A620FD06F180E4FABAE2 /* SettingsPresenter.swift */,
				31E7E96DEA9A07E7B3251E05 /* SettingsPresenterImplementation.swift */,
			);
			path = Presenter;
			sourceTree = "<group>";
		};
		66D8FF1EE66F5CBDAF0DA55B /* Presenter */ = {
			isa = PBXGroup;
			children = (
				BCD09201B692BD1698766F9E /* SearchPresenter.swift */,
				B6416679033941AABCCD46A0 /* SearchPresenterImplementation.swift */,
			);
			path = Presenter;
			sourceTree = "<group>";
		};
		77000F96D1845D8BF84AF05B /* Pods */ = {
			isa = PBXGroup;
			children = (
				FA474271B1F12D9A129994AE /* Pods-Meteow.debug.xcconfig */,
				8B12028EF0E5468969185A7A /* Pods-Meteow.release.xcconfig */,
			);
			path = Pods;
			sourceTree = "<group>";
		};
		78B16C1DAA61517FEA95E833 /* ViewController */ = {
			isa = PBXGroup;
			children = (
				32D25C68267DC9D7EA559A84 /* SettingsViewController.swift */,
			);
			path = ViewController;
			sourceTree = "<group>";
		};
		8ADA971214BDEF5B063B2284 /* City */ = {
			isa = PBXGroup;
			children = (
				D023F756B8392219EDB6C060 /* UI */,
				C5FD782398749142C0EACB32 /* Presenter */,
				E604DC4429F641D6A9C90D1D /* Model */,
			);
			path = City;
			sourceTree = "<group>";
		};
		8B97DA5B6B72187A33F04D32 /* Model */ = {
			isa = PBXGroup;
			children = (
			);
			path = Model;
			sourceTree = "<group>";
		};
		910D3C70626E5B06CB15DA81 /* Model */ = {
			isa = PBXGroup;
			children = (
			);
			path = Model;
			sourceTree = "<group>";
		};
		996DF2B7235CE8BC0ABCB1C8 /* Search */ = {
			isa = PBXGroup;
			children = (
				299C345D87352B8C45137172 /* UI */,
				66D8FF1EE66F5CBDAF0DA55B /* Presenter */,
				8B97DA5B6B72187A33F04D32 /* Model */,
			);
			path = Search;
			sourceTree = "<group>";
		};
		9F14CCF49FB1D9B7601C1369 /* ViewController */ = {
			isa = PBXGroup;
			children = (
				5F318EED504FB10DBC465551 /* CityViewController.swift */,
			);
			path = ViewController;
			sourceTree = "<group>";
		};
		B6AE68706187AB1BF369614C /* View */ = {
			isa = PBXGroup;
			children = (
			);
			path = View;
			sourceTree = "<group>";
		};
		BF1F6C627434B9CE15BDFE59 /* ViewController */ = {
			isa = PBXGroup;
			children = (
				9B834CC5C593D9A7F0CDAB04 /* SearchViewController.swift */,
			);
			path = ViewController;
			sourceTree = "<group>";
		};
		C5FD782398749142C0EACB32 /* Presenter */ = {
			isa = PBXGroup;
			children = (
				095F40CC757EF5AC0B8B3F55 /* CityPresenter.swift */,
				276BA575B3BAC05FBB2B1DC4 /* CityPresenterImplementation.swift */,
			);
			path = Presenter;
			sourceTree = "<group>";
		};
		C911252A70103B91DFF62632 /* View */ = {
			isa = PBXGroup;
			children = (
			);
			path = View;
			sourceTree = "<group>";
		};
		D023F756B8392219EDB6C060 /* UI */ = {
			isa = PBXGroup;
			children = (
				E9D7A0E98F5F7CA344FE4AEC /* View */,
				9F14CCF49FB1D9B7601C1369 /* ViewController */,
				2C929E551A5208A091972A12 /* CityViewContract.swift */,
			);
			path = UI;
			sourceTree = "<group>";
		};
		E604DC4429F641D6A9C90D1D /* Model */ = {
			isa = PBXGroup;
			children = (
			);
			path = Model;
			sourceTree = "<group>";
		};
		E9D7A0E98F5F7CA344FE4AEC /* View */ = {
			isa = PBXGroup;
			children = (
			);
			path = View;
			sourceTree = "<group>";
		};
/* End PBXGroup section */

/* Begin PBXNativeTarget section */
		269FBC15277DA44A0024E3C1 /* Meteow */ = {
			isa = PBXNativeTarget;
			buildConfigurationList = 269FBC2A277DA44C0024E3C1 /* Build configuration list for PBXNativeTarget "Meteow" */;
			buildPhases = (
				08A36ED5914AD269F55916D0 /* [CP] Check Pods Manifest.lock */,
				269FBC12277DA44A0024E3C1 /* Sources */,
				269FBC13277DA44A0024E3C1 /* Frameworks */,
				269FBC14277DA44A0024E3C1 /* Resources */,
				1B8FAB3C0AF3E8B38FF59018 /* [CP] Embed Pods Frameworks */,
			);
			buildRules = (
			);
			dependencies = (
			);
			name = Meteow;
			productName = Meteow;
			productReference = 269FBC16277DA44A0024E3C1 /* Meteow.app */;
			productType = "com.apple.product-type.application";
		};
/* End PBXNativeTarget section */

/* Begin PBXProject section */
		269FBC0E277DA44A0024E3C1 /* Project object */ = {
			isa = PBXProject;
			attributes = {
				BuildIndependentTargetsInParallel = 1;
				LastSwiftUpdateCheck = 1320;
				LastUpgradeCheck = 1320;
				TargetAttributes = {
					269FBC15277DA44A0024E3C1 = {
						CreatedOnToolsVersion = 13.2.1;
					};
				};
			};
			buildConfigurationList = 269FBC11277DA44A0024E3C1 /* Build configuration list for PBXProject "Meteow" */;
			compatibilityVersion = "Xcode 13.0";
			developmentRegion = en;
			hasScannedForEncodings = 0;
			knownRegions = (
				en,
				Base,
			);
			mainGroup = 269FBC0D277DA44A0024E3C1;
			productRefGroup = 269FBC17277DA44A0024E3C1 /* Products */;
			projectDirPath = "";
			projectRoot = "";
			targets = (
				269FBC15277DA44A0024E3C1 /* Meteow */,
			);
		};
/* End PBXProject section */

/* Begin PBXResourcesBuildPhase section */
		269FBC14277DA44A0024E3C1 /* Resources */ = {
			isa = PBXResourcesBuildPhase;
			buildActionMask = 2147483647;
			files = (
				269FBC26277DA44C0024E3C1 /* LaunchScreen.storyboard in Resources */,
				269FBC57277DB7060024E3C1 /* Localizable.strings in Resources */,
				269FBC23277DA44C0024E3C1 /* Assets.xcassets in Resources */,
			);
			runOnlyForDeploymentPostprocessing = 0;
		};
/* End PBXResourcesBuildPhase section */

/* Begin PBXShellScriptBuildPhase section */
		08A36ED5914AD269F55916D0 /* [CP] Check Pods Manifest.lock */ = {
			isa = PBXShellScriptBuildPhase;
			buildActionMask = 2147483647;
			files = (
			);
			inputFileListPaths = (
			);
			inputPaths = (
				"${PODS_PODFILE_DIR_PATH}/Podfile.lock",
				"${PODS_ROOT}/Manifest.lock",
			);
			name = "[CP] Check Pods Manifest.lock";
			outputFileListPaths = (
			);
			outputPaths = (
				"$(DERIVED_FILE_DIR)/Pods-Meteow-checkManifestLockResult.txt",
			);
			runOnlyForDeploymentPostprocessing = 0;
			shellPath = /bin/sh;
			shellScript = "diff \"${PODS_PODFILE_DIR_PATH}/Podfile.lock\" \"${PODS_ROOT}/Manifest.lock\" > /dev/null\nif [ $? != 0 ] ; then\n    # print error to STDERR\n    echo \"error: The sandbox is not in sync with the Podfile.lock. Run 'pod install' or update your CocoaPods installation.\" >&2\n    exit 1\nfi\n# This output is used by Xcode 'outputs' to avoid re-running this script phase.\necho \"SUCCESS\" > \"${SCRIPT_OUTPUT_FILE_0}\"\n";
			showEnvVarsInLog = 0;
		};
		1B8FAB3C0AF3E8B38FF59018 /* [CP] Embed Pods Frameworks */ = {
			isa = PBXShellScriptBuildPhase;
			buildActionMask = 2147483647;
			files = (
			);
			inputFileListPaths = (
				"${PODS_ROOT}/Target Support Files/Pods-Meteow/Pods-Meteow-frameworks-${CONFIGURATION}-input-files.xcfilelist",
			);
			name = "[CP] Embed Pods Frameworks";
			outputFileListPaths = (
				"${PODS_ROOT}/Target Support Files/Pods-Meteow/Pods-Meteow-frameworks-${CONFIGURATION}-output-files.xcfilelist",
			);
			runOnlyForDeploymentPostprocessing = 0;
			shellPath = /bin/sh;
			shellScript = "\"${PODS_ROOT}/Target Support Files/Pods-Meteow/Pods-Meteow-frameworks.sh\"\n";
			showEnvVarsInLog = 0;
		};
/* End PBXShellScriptBuildPhase section */

/* Begin PBXSourcesBuildPhase section */
		269FBC12277DA44A0024E3C1 /* Sources */ = {
			isa = PBXSourcesBuildPhase;
			buildActionMask = 2147483647;
			files = (
				269FBC1A277DA44A0024E3C1 /* AppDelegate.swift in Sources */,
				32DEC465DF9A74917F7DBF15 /* SearchViewContract.swift in Sources */,
				6A843CB26B619A76818C0A82 /* SearchViewController.swift in Sources */,
				147F1D4B44C8CF57BBE88646 /* SearchPresenter.swift in Sources */,
				AAA16D92C03B99BB7B8EF8BD /* SearchPresenterImplementation.swift in Sources */,
				FC2D0610FAFA09D0FA46483E /* CityViewContract.swift in Sources */,
				29F715ACEB0E4EF18BF6EF80 /* CityViewController.swift in Sources */,
				A20C0BEE931C534418A29808 /* CityPresenter.swift in Sources */,
				4C2F91319C8869C64B10224C /* CityPresenterImplementation.swift in Sources */,
				4D34803EF15F95BA9797795D /* SettingsViewContract.swift in Sources */,
				073144253C8A35C019117E03 /* SettingsViewController.swift in Sources */,
				269FBC55277DB5B10024E3C1 /* UIImage+Utils.swift in Sources */,
				B7B2B8E0305D206B9A833391 /* SettingsPresenter.swift in Sources */,
				CD19EE63940DF97314B08FA4 /* SettingsPresenterImplementation.swift in Sources */,
			);
			runOnlyForDeploymentPostprocessing = 0;
		};
/* End PBXSourcesBuildPhase section */

/* Begin PBXVariantGroup section */
		269FBC24277DA44C0024E3C1 /* LaunchScreen.storyboard */ = {
			isa = PBXVariantGroup;
			children = (
				269FBC25277DA44C0024E3C1 /* Base */,
			);
			name = LaunchScreen.storyboard;
			sourceTree = "<group>";
		};
/* End PBXVariantGroup section */

/* Begin XCBuildConfiguration section */
		269FBC28277DA44C0024E3C1 /* Debug */ = {
			isa = XCBuildConfiguration;
			buildSettings = {
				ALWAYS_SEARCH_USER_PATHS = NO;
				CLANG_ANALYZER_NONNULL = YES;
				CLANG_ANALYZER_NUMBER_OBJECT_CONVERSION = YES_AGGRESSIVE;
				CLANG_CXX_LANGUAGE_STANDARD = "gnu++17";
				CLANG_CXX_LIBRARY = "libc++";
				CLANG_ENABLE_MODULES = YES;
				CLANG_ENABLE_OBJC_ARC = YES;
				CLANG_ENABLE_OBJC_WEAK = YES;
				CLANG_WARN_BLOCK_CAPTURE_AUTORELEASING = YES;
				CLANG_WARN_BOOL_CONVERSION = YES;
				CLANG_WARN_COMMA = YES;
				CLANG_WARN_CONSTANT_CONVERSION = YES;
				CLANG_WARN_DEPRECATED_OBJC_IMPLEMENTATIONS = YES;
				CLANG_WARN_DIRECT_OBJC_ISA_USAGE = YES_ERROR;
				CLANG_WARN_DOCUMENTATION_COMMENTS = YES;
				CLANG_WARN_EMPTY_BODY = YES;
				CLANG_WARN_ENUM_CONVERSION = YES;
				CLANG_WARN_INFINITE_RECURSION = YES;
				CLANG_WARN_INT_CONVERSION = YES;
				CLANG_WARN_NON_LITERAL_NULL_CONVERSION = YES;
				CLANG_WARN_OBJC_IMPLICIT_RETAIN_SELF = YES;
				CLANG_WARN_OBJC_LITERAL_CONVERSION = YES;
				CLANG_WARN_OBJC_ROOT_CLASS = YES_ERROR;
				CLANG_WARN_QUOTED_INCLUDE_IN_FRAMEWORK_HEADER = YES;
				CLANG_WARN_RANGE_LOOP_ANALYSIS = YES;
				CLANG_WARN_STRICT_PROTOTYPES = YES;
				CLANG_WARN_SUSPICIOUS_MOVE = YES;
				CLANG_WARN_UNGUARDED_AVAILABILITY = YES_AGGRESSIVE;
				CLANG_WARN_UNREACHABLE_CODE = YES;
				CLANG_WARN__DUPLICATE_METHOD_MATCH = YES;
				COPY_PHASE_STRIP = NO;
				DEBUG_INFORMATION_FORMAT = dwarf;
				ENABLE_STRICT_OBJC_MSGSEND = YES;
				ENABLE_TESTABILITY = YES;
				GCC_C_LANGUAGE_STANDARD = gnu11;
				GCC_DYNAMIC_NO_PIC = NO;
				GCC_NO_COMMON_BLOCKS = YES;
				GCC_OPTIMIZATION_LEVEL = 0;
				GCC_PREPROCESSOR_DEFINITIONS = (
					"DEBUG=1",
					"$(inherited)",
				);
				GCC_WARN_64_TO_32_BIT_CONVERSION = YES;
				GCC_WARN_ABOUT_RETURN_TYPE = YES_ERROR;
				GCC_WARN_UNDECLARED_SELECTOR = YES;
				GCC_WARN_UNINITIALIZED_AUTOS = YES_AGGRESSIVE;
				GCC_WARN_UNUSED_FUNCTION = YES;
				GCC_WARN_UNUSED_VARIABLE = YES;
				IPHONEOS_DEPLOYMENT_TARGET = 15.2;
				MTL_ENABLE_DEBUG_INFO = INCLUDE_SOURCE;
				MTL_FAST_MATH = YES;
				ONLY_ACTIVE_ARCH = YES;
				SDKROOT = iphoneos;
				SWIFT_ACTIVE_COMPILATION_CONDITIONS = DEBUG;
				SWIFT_OPTIMIZATION_LEVEL = "-Onone";
			};
			name = Debug;
		};
		269FBC29277DA44C0024E3C1 /* Release */ = {
			isa = XCBuildConfiguration;
			buildSettings = {
				ALWAYS_SEARCH_USER_PATHS = NO;
				CLANG_ANALYZER_NONNULL = YES;
				CLANG_ANALYZER_NUMBER_OBJECT_CONVERSION = YES_AGGRESSIVE;
				CLANG_CXX_LANGUAGE_STANDARD = "gnu++17";
				CLANG_CXX_LIBRARY = "libc++";
				CLANG_ENABLE_MODULES = YES;
				CLANG_ENABLE_OBJC_ARC = YES;
				CLANG_ENABLE_OBJC_WEAK = YES;
				CLANG_WARN_BLOCK_CAPTURE_AUTORELEASING = YES;
				CLANG_WARN_BOOL_CONVERSION = YES;
				CLANG_WARN_COMMA = YES;
				CLANG_WARN_CONSTANT_CONVERSION = YES;
				CLANG_WARN_DEPRECATED_OBJC_IMPLEMENTATIONS = YES;
				CLANG_WARN_DIRECT_OBJC_ISA_USAGE = YES_ERROR;
				CLANG_WARN_DOCUMENTATION_COMMENTS = YES;
				CLANG_WARN_EMPTY_BODY = YES;
				CLANG_WARN_ENUM_CONVERSION = YES;
				CLANG_WARN_INFINITE_RECURSION = YES;
				CLANG_WARN_INT_CONVERSION = YES;
				CLANG_WARN_NON_LITERAL_NULL_CONVERSION = YES;
				CLANG_WARN_OBJC_IMPLICIT_RETAIN_SELF = YES;
				CLANG_WARN_OBJC_LITERAL_CONVERSION = YES;
				CLANG_WARN_OBJC_ROOT_CLASS = YES_ERROR;
				CLANG_WARN_QUOTED_INCLUDE_IN_FRAMEWORK_HEADER = YES;
				CLANG_WARN_RANGE_LOOP_ANALYSIS = YES;
				CLANG_WARN_STRICT_PROTOTYPES = YES;
				CLANG_WARN_SUSPICIOUS_MOVE = YES;
				CLANG_WARN_UNGUARDED_AVAILABILITY = YES_AGGRESSIVE;
				CLANG_WARN_UNREACHABLE_CODE = YES;
				CLANG_WARN__DUPLICATE_METHOD_MATCH = YES;
				COPY_PHASE_STRIP = NO;
				DEBUG_INFORMATION_FORMAT = "dwarf-with-dsym";
				ENABLE_NS_ASSERTIONS = NO;
				ENABLE_STRICT_OBJC_MSGSEND = YES;
				GCC_C_LANGUAGE_STANDARD = gnu11;
				GCC_NO_COMMON_BLOCKS = YES;
				GCC_WARN_64_TO_32_BIT_CONVERSION = YES;
				GCC_WARN_ABOUT_RETURN_TYPE = YES_ERROR;
				GCC_WARN_UNDECLARED_SELECTOR = YES;
				GCC_WARN_UNINITIALIZED_AUTOS = YES_AGGRESSIVE;
				GCC_WARN_UNUSED_FUNCTION = YES;
				GCC_WARN_UNUSED_VARIABLE = YES;
				IPHONEOS_DEPLOYMENT_TARGET = 15.2;
				MTL_ENABLE_DEBUG_INFO = NO;
				MTL_FAST_MATH = YES;
				SDKROOT = iphoneos;
				SWIFT_COMPILATION_MODE = wholemodule;
				SWIFT_OPTIMIZATION_LEVEL = "-O";
				VALIDATE_PRODUCT = YES;
			};
			name = Release;
		};
		269FBC2B277DA44C0024E3C1 /* Debug */ = {
			isa = XCBuildConfiguration;
			baseConfigurationReference = FA474271B1F12D9A129994AE /* Pods-Meteow.debug.xcconfig */;
			buildSettings = {
				ASSETCATALOG_COMPILER_APPICON_NAME = AppIcon;
				ASSETCATALOG_COMPILER_GLOBAL_ACCENT_COLOR_NAME = AccentColor;
				CODE_SIGN_STYLE = Automatic;
				CURRENT_PROJECT_VERSION = 1;
				DEVELOPMENT_TEAM = PNXVL7Y725;
				GENERATE_INFOPLIST_FILE = YES;
				INFOPLIST_FILE = Meteow/Info.plist;
				INFOPLIST_KEY_LSApplicationCategoryType = "";
				INFOPLIST_KEY_UIApplicationSupportsIndirectInputEvents = YES;
				INFOPLIST_KEY_UILaunchStoryboardName = LaunchScreen;
				INFOPLIST_KEY_UISupportedInterfaceOrientations_iPad = "UIInterfaceOrientationPortrait UIInterfaceOrientationPortraitUpsideDown UIInterfaceOrientationLandscapeLeft UIInterfaceOrientationLandscapeRight";
				INFOPLIST_KEY_UISupportedInterfaceOrientations_iPhone = "UIInterfaceOrientationPortrait UIInterfaceOrientationLandscapeLeft UIInterfaceOrientationLandscapeRight";
				LD_RUNPATH_SEARCH_PATHS = (
					"$(inherited)",
					"@executable_path/Frameworks",
				);
				MARKETING_VERSION = 1.0;
				PRODUCT_BUNDLE_IDENTIFIER = loicsaillant.Meteow;
				PRODUCT_NAME = "$(TARGET_NAME)";
				SWIFT_EMIT_LOC_STRINGS = YES;
				SWIFT_VERSION = 5.0;
				TARGETED_DEVICE_FAMILY = "1,2";
			};
			name = Debug;
		};
		269FBC2C277DA44C0024E3C1 /* Release */ = {
			isa = XCBuildConfiguration;
			baseConfigurationReference = 8B12028EF0E5468969185A7A /* Pods-Meteow.release.xcconfig */;
			buildSettings = {
				ASSETCATALOG_COMPILER_APPICON_NAME = AppIcon;
				ASSETCATALOG_COMPILER_GLOBAL_ACCENT_COLOR_NAME = AccentColor;
				CODE_SIGN_STYLE = Automatic;
				CURRENT_PROJECT_VERSION = 1;
				DEVELOPMENT_TEAM = PNXVL7Y725;
				GENERATE_INFOPLIST_FILE = YES;
				INFOPLIST_FILE = Meteow/Info.plist;
				INFOPLIST_KEY_LSApplicationCategoryType = "";
				INFOPLIST_KEY_UIApplicationSupportsIndirectInputEvents = YES;
				INFOPLIST_KEY_UILaunchStoryboardName = LaunchScreen;
				INFOPLIST_KEY_UISupportedInterfaceOrientations_iPad = "UIInterfaceOrientationPortrait UIInterfaceOrientationPortraitUpsideDown UIInterfaceOrientationLandscapeLeft UIInterfaceOrientationLandscapeRight";
				INFOPLIST_KEY_UISupportedInterfaceOrientations_iPhone = "UIInterfaceOrientationPortrait UIInterfaceOrientationLandscapeLeft UIInterfaceOrientationLandscapeRight";
				LD_RUNPATH_SEARCH_PATHS = (
					"$(inherited)",
					"@executable_path/Frameworks",
				);
				MARKETING_VERSION = 1.0;
				PRODUCT_BUNDLE_IDENTIFIER = loicsaillant.Meteow;
				PRODUCT_NAME = "$(TARGET_NAME)";
				SWIFT_EMIT_LOC_STRINGS = YES;
				SWIFT_VERSION = 5.0;
				TARGETED_DEVICE_FAMILY = "1,2";
			};
			name = Release;
		};
/* End XCBuildConfiguration section */

/* Begin XCConfigurationList section */
		269FBC11277DA44A0024E3C1 /* Build configuration list for PBXProject "Meteow" */ = {
			isa = XCConfigurationList;
			buildConfigurations = (
				269FBC28277DA44C0024E3C1 /* Debug */,
				269FBC29277DA44C0024E3C1 /* Release */,
			);
			defaultConfigurationIsVisible = 0;
			defaultConfigurationName = Release;
		};
		269FBC2A277DA44C0024E3C1 /* Build configuration list for PBXNativeTarget "Meteow" */ = {
			isa = XCConfigurationList;
			buildConfigurations = (
				269FBC2B277DA44C0024E3C1 /* Debug */,
				269FBC2C277DA44C0024E3C1 /* Release */,
			);
			defaultConfigurationIsVisible = 0;
			defaultConfigurationName = Release;
		};
/* End XCConfigurationList section */
	};
	rootObject = 269FBC0E277DA44A0024E3C1 /* Project object */;
}
